// !$*UTF8*$!
{
	archiveVersion = 1;
	classes = {
	};
	objectVersion = 46;
	objects = {

/* Begin PBXBuildFile section */
		8D0492F2197C1BE4001A697B /* Box2DConfig.cmake.in in Resources */ = {isa = PBXBuildFile; fileRef = 8D04922C197C1BE4001A697B /* Box2DConfig.cmake.in */; };
		8D0492F3197C1BE4001A697B /* CMakeLists.txt in Resources */ = {isa = PBXBuildFile; fileRef = 8D04922D197C1BE4001A697B /* CMakeLists.txt */; };
		8D0492F4197C1BE4001A697B /* b2BroadPhase.cpp in Sources */ = {isa = PBXBuildFile; fileRef = 8D04922F197C1BE4001A697B /* b2BroadPhase.cpp */; };
		8D0492F5197C1BE4001A697B /* b2CollideCircle.cpp in Sources */ = {isa = PBXBuildFile; fileRef = 8D049231197C1BE4001A697B /* b2CollideCircle.cpp */; };
		8D0492F6197C1BE4001A697B /* b2CollideEdge.cpp in Sources */ = {isa = PBXBuildFile; fileRef = 8D049232197C1BE4001A697B /* b2CollideEdge.cpp */; };
		8D0492F7197C1BE4001A697B /* b2CollidePolygon.cpp in Sources */ = {isa = PBXBuildFile; fileRef = 8D049233197C1BE4001A697B /* b2CollidePolygon.cpp */; };
		8D0492F8197C1BE4001A697B /* b2Collision.cpp in Sources */ = {isa = PBXBuildFile; fileRef = 8D049234197C1BE4001A697B /* b2Collision.cpp */; };
		8D0492F9197C1BE4001A697B /* b2Distance.cpp in Sources */ = {isa = PBXBuildFile; fileRef = 8D049236197C1BE4001A697B /* b2Distance.cpp */; };
		8D0492FA197C1BE4001A697B /* b2DynamicTree.cpp in Sources */ = {isa = PBXBuildFile; fileRef = 8D049238197C1BE4001A697B /* b2DynamicTree.cpp */; };
		8D0492FB197C1BE4001A697B /* b2TimeOfImpact.cpp in Sources */ = {isa = PBXBuildFile; fileRef = 8D04923A197C1BE4001A697B /* b2TimeOfImpact.cpp */; };
		8D0492FC197C1BE4001A697B /* b2ChainShape.cpp in Sources */ = {isa = PBXBuildFile; fileRef = 8D04923D197C1BE4001A697B /* b2ChainShape.cpp */; };
		8D0492FD197C1BE4001A697B /* b2CircleShape.cpp in Sources */ = {isa = PBXBuildFile; fileRef = 8D04923F197C1BE4001A697B /* b2CircleShape.cpp */; };
		8D0492FE197C1BE4001A697B /* b2EdgeShape.cpp in Sources */ = {isa = PBXBuildFile; fileRef = 8D049241197C1BE4001A697B /* b2EdgeShape.cpp */; };
		8D0492FF197C1BE4001A697B /* b2PolygonShape.cpp in Sources */ = {isa = PBXBuildFile; fileRef = 8D049243197C1BE4001A697B /* b2PolygonShape.cpp */; };
		8D049300197C1BE4001A697B /* b2BlockAllocator.cpp in Sources */ = {isa = PBXBuildFile; fileRef = 8D049247197C1BE4001A697B /* b2BlockAllocator.cpp */; };
		8D049301197C1BE4001A697B /* b2Draw.cpp in Sources */ = {isa = PBXBuildFile; fileRef = 8D049249197C1BE4001A697B /* b2Draw.cpp */; };
		8D049302197C1BE4001A697B /* b2FreeList.cpp in Sources */ = {isa = PBXBuildFile; fileRef = 8D04924B197C1BE4001A697B /* b2FreeList.cpp */; };
		8D049303197C1BE4001A697B /* b2Math.cpp in Sources */ = {isa = PBXBuildFile; fileRef = 8D049250197C1BE4001A697B /* b2Math.cpp */; };
		8D049304197C1BE4001A697B /* b2Settings.cpp in Sources */ = {isa = PBXBuildFile; fileRef = 8D049252197C1BE4001A697B /* b2Settings.cpp */; };
		8D049305197C1BE4001A697B /* b2StackAllocator.cpp in Sources */ = {isa = PBXBuildFile; fileRef = 8D049255197C1BE4001A697B /* b2StackAllocator.cpp */; };
		8D049306197C1BE4001A697B /* b2Stat.cpp in Sources */ = {isa = PBXBuildFile; fileRef = 8D049257197C1BE4001A697B /* b2Stat.cpp */; };
		8D049307197C1BE4001A697B /* b2Timer.cpp in Sources */ = {isa = PBXBuildFile; fileRef = 8D049259197C1BE4001A697B /* b2Timer.cpp */; };
		8D049308197C1BE4001A697B /* b2TrackedBlock.cpp in Sources */ = {isa = PBXBuildFile; fileRef = 8D04925B197C1BE4001A697B /* b2TrackedBlock.cpp */; };
		8D049309197C1BE4001A697B /* doxyfile in Resources */ = {isa = PBXBuildFile; fileRef = 8D04925F197C1BE4001A697B /* doxyfile */; };
		8D04930A197C1BE4001A697B /* Building.md in Resources */ = {isa = PBXBuildFile; fileRef = 8D049261197C1BE4001A697B /* Building.md */; };
		8D04930B197C1BE4001A697B /* BuildingAndroid.md in Resources */ = {isa = PBXBuildFile; fileRef = 8D049262197C1BE4001A697B /* BuildingAndroid.md */; };
		8D04930C197C1BE4001A697B /* BuildingiOS.md in Resources */ = {isa = PBXBuildFile; fileRef = 8D049263197C1BE4001A697B /* BuildingiOS.md */; };
		8D04930D197C1BE4001A697B /* BuildingJavaScript.md in Resources */ = {isa = PBXBuildFile; fileRef = 8D049264197C1BE4001A697B /* BuildingJavaScript.md */; };
		8D04930E197C1BE4001A697B /* BuildingLinux.md in Resources */ = {isa = PBXBuildFile; fileRef = 8D049265197C1BE4001A697B /* BuildingLinux.md */; };
		8D04930F197C1BE4001A697B /* BuildingOSX.md in Resources */ = {isa = PBXBuildFile; fileRef = 8D049266197C1BE4001A697B /* BuildingOSX.md */; };
		8D049310197C1BE4001A697B /* BuildingWindows.md in Resources */ = {isa = PBXBuildFile; fileRef = 8D049267197C1BE4001A697B /* BuildingWindows.md */; };
		8D049311197C1BE4001A697B /* doxyfile in Resources */ = {isa = PBXBuildFile; fileRef = 8D049268197C1BE4001A697B /* doxyfile */; };
		8D049312197C1BE4001A697B /* PortingFromBox2D.md in Resources */ = {isa = PBXBuildFile; fileRef = 8D049269197C1BE4001A697B /* PortingFromBox2D.md */; };
		8D049313197C1BE4001A697B /* footer.html in Resources */ = {isa = PBXBuildFile; fileRef = 8D04926A197C1BE4001A697B /* footer.html */; };
		8D049314197C1BE4001A697B /* Chapter01_Introduction.md in Resources */ = {isa = PBXBuildFile; fileRef = 8D04926C197C1BE4001A697B /* Chapter01_Introduction.md */; };
		8D049315197C1BE4001A697B /* Chapter02_Hello_Box2D.md in Resources */ = {isa = PBXBuildFile; fileRef = 8D04926D197C1BE4001A697B /* Chapter02_Hello_Box2D.md */; };
		8D049316197C1BE4001A697B /* Chapter03_Common.md in Resources */ = {isa = PBXBuildFile; fileRef = 8D04926E197C1BE4001A697B /* Chapter03_Common.md */; };
		8D049317197C1BE4001A697B /* Chapter04_Collision_Module.md in Resources */ = {isa = PBXBuildFile; fileRef = 8D04926F197C1BE4001A697B /* Chapter04_Collision_Module.md */; };
		8D049318197C1BE4001A697B /* Chapter05_Dynamics_Module.md in Resources */ = {isa = PBXBuildFile; fileRef = 8D049270197C1BE4001A697B /* Chapter05_Dynamics_Module.md */; };
		8D049319197C1BE4001A697B /* Chapter06_Bodies.md in Resources */ = {isa = PBXBuildFile; fileRef = 8D049271197C1BE4001A697B /* Chapter06_Bodies.md */; };
		8D04931A197C1BE4001A697B /* Chapter07_Fixtures.md in Resources */ = {isa = PBXBuildFile; fileRef = 8D049272197C1BE4001A697B /* Chapter07_Fixtures.md */; };
		8D04931B197C1BE4001A697B /* Chapter08_Joints.md in Resources */ = {isa = PBXBuildFile; fileRef = 8D049273197C1BE4001A697B /* Chapter08_Joints.md */; };
		8D04931C197C1BE4001A697B /* Chapter09_Contacts.md in Resources */ = {isa = PBXBuildFile; fileRef = 8D049274197C1BE4001A697B /* Chapter09_Contacts.md */; };
		8D04931D197C1BE4001A697B /* Chapter10_World.md in Resources */ = {isa = PBXBuildFile; fileRef = 8D049275197C1BE4001A697B /* Chapter10_World.md */; };
		8D04931E197C1BE4001A697B /* Chapter11_Particles.md in Resources */ = {isa = PBXBuildFile; fileRef = 8D049276197C1BE4001A697B /* Chapter11_Particles.md */; };
		8D04931F197C1BE4001A697B /* Chapter12_Loose_Ends.md in Resources */ = {isa = PBXBuildFile; fileRef = 8D049277197C1BE4001A697B /* Chapter12_Loose_Ends.md */; };
		8D049320197C1BE4001A697B /* Chapter13_Debug_Drawing.md in Resources */ = {isa = PBXBuildFile; fileRef = 8D049278197C1BE4001A697B /* Chapter13_Debug_Drawing.md */; };
		8D049321197C1BE4001A697B /* Chapter14_Limitations.md in Resources */ = {isa = PBXBuildFile; fileRef = 8D049279197C1BE4001A697B /* Chapter14_Limitations.md */; };
		8D049322197C1BE4001A697B /* Chapter15_References.md in Resources */ = {isa = PBXBuildFile; fileRef = 8D04927A197C1BE4001A697B /* Chapter15_References.md */; };
		8D049323197C1BE4001A697B /* ContentLicense.md in Resources */ = {isa = PBXBuildFile; fileRef = 8D04927B197C1BE4001A697B /* ContentLicense.md */; };
		8D049324197C1BE4001A697B /* doxyfile in Resources */ = {isa = PBXBuildFile; fileRef = 8D04927C197C1BE4001A697B /* doxyfile */; };
		8D049325197C1BE4001A697B /* image_0.png in Resources */ = {isa = PBXBuildFile; fileRef = 8D04927D197C1BE4001A697B /* image_0.png */; };
		8D049326197C1BE4001A697B /* image_1.png in Resources */ = {isa = PBXBuildFile; fileRef = 8D04927E197C1BE4001A697B /* image_1.png */; };
		8D049327197C1BE4001A697B /* image_10.png in Resources */ = {isa = PBXBuildFile; fileRef = 8D04927F197C1BE4001A697B /* image_10.png */; };
		8D049328197C1BE4001A697B /* image_11.png in Resources */ = {isa = PBXBuildFile; fileRef = 8D049280197C1BE4001A697B /* image_11.png */; };
		8D049329197C1BE4001A697B /* image_12.png in Resources */ = {isa = PBXBuildFile; fileRef = 8D049281197C1BE4001A697B /* image_12.png */; };
		8D04932A197C1BE4001A697B /* image_13.png in Resources */ = {isa = PBXBuildFile; fileRef = 8D049282197C1BE4001A697B /* image_13.png */; };
		8D04932B197C1BE4001A697B /* image_14.png in Resources */ = {isa = PBXBuildFile; fileRef = 8D049283197C1BE4001A697B /* image_14.png */; };
		8D04932C197C1BE4001A697B /* image_15.png in Resources */ = {isa = PBXBuildFile; fileRef = 8D049284197C1BE4001A697B /* image_15.png */; };
		8D04932D197C1BE4001A697B /* image_16.png in Resources */ = {isa = PBXBuildFile; fileRef = 8D049285197C1BE4001A697B /* image_16.png */; };
		8D04932E197C1BE4001A697B /* image_17.png in Resources */ = {isa = PBXBuildFile; fileRef = 8D049286197C1BE4001A697B /* image_17.png */; };
		8D04932F197C1BE4001A697B /* image_18.gif in Resources */ = {isa = PBXBuildFile; fileRef = 8D049287197C1BE4001A697B /* image_18.gif */; };
		8D049330197C1BE4001A697B /* image_19.gif in Resources */ = {isa = PBXBuildFile; fileRef = 8D049288197C1BE4001A697B /* image_19.gif */; };
		8D049331197C1BE4001A697B /* image_2.gif in Resources */ = {isa = PBXBuildFile; fileRef = 8D049289197C1BE4001A697B /* image_2.gif */; };
		8D049332197C1BE4001A697B /* image_20.gif in Resources */ = {isa = PBXBuildFile; fileRef = 8D04928A197C1BE4001A697B /* image_20.gif */; };
		8D049333197C1BE4001A697B /* image_21.gif in Resources */ = {isa = PBXBuildFile; fileRef = 8D04928B197C1BE4001A697B /* image_21.gif */; };
		8D049334197C1BE4001A697B /* image_22.gif in Resources */ = {isa = PBXBuildFile; fileRef = 8D04928C197C1BE4001A697B /* image_22.gif */; };
		8D049335197C1BE4001A697B /* image_23.png in Resources */ = {isa = PBXBuildFile; fileRef = 8D04928D197C1BE4001A697B /* image_23.png */; };
		8D049336197C1BE4001A697B /* image_24.png in Resources */ = {isa = PBXBuildFile; fileRef = 8D04928E197C1BE4001A697B /* image_24.png */; };
		8D049337197C1BE4001A697B /* image_3.gif in Resources */ = {isa = PBXBuildFile; fileRef = 8D04928F197C1BE4001A697B /* image_3.gif */; };
		8D049338197C1BE4001A697B /* image_4.png in Resources */ = {isa = PBXBuildFile; fileRef = 8D049290197C1BE4001A697B /* image_4.png */; };
		8D049339197C1BE4001A697B /* image_5.png in Resources */ = {isa = PBXBuildFile; fileRef = 8D049291197C1BE4001A697B /* image_5.png */; };
		8D04933A197C1BE4001A697B /* image_6.png in Resources */ = {isa = PBXBuildFile; fileRef = 8D049292197C1BE4001A697B /* image_6.png */; };
		8D04933B197C1BE4001A697B /* image_7.png in Resources */ = {isa = PBXBuildFile; fileRef = 8D049293197C1BE4001A697B /* image_7.png */; };
		8D04933C197C1BE4001A697B /* image_8.png in Resources */ = {isa = PBXBuildFile; fileRef = 8D049294197C1BE4001A697B /* image_8.png */; };
		8D04933D197C1BE4001A697B /* image_9.png in Resources */ = {isa = PBXBuildFile; fileRef = 8D049295197C1BE4001A697B /* image_9.png */; };
		8D04933E197C1BE4001A697B /* liquidfun-logo-horizontal-small.png in Resources */ = {isa = PBXBuildFile; fileRef = 8D049296197C1BE4001A697B /* liquidfun-logo-horizontal-small.png */; };
		8D04933F197C1BE4001A697B /* liquidfun-logo-small.png in Resources */ = {isa = PBXBuildFile; fileRef = 8D049297197C1BE4001A697B /* liquidfun-logo-small.png */; };
		8D049340197C1BE4001A697B /* liquidfun-logo-square-small.png in Resources */ = {isa = PBXBuildFile; fileRef = 8D049298197C1BE4001A697B /* liquidfun-logo-square-small.png */; };
		8D049341197C1BE4001A697B /* liquidfun-logo.ai in Resources */ = {isa = PBXBuildFile; fileRef = 8D049299197C1BE4001A697B /* liquidfun-logo.ai */; };
		8D049342197C1BE4001A697B /* liquidfun-logo.png in Resources */ = {isa = PBXBuildFile; fileRef = 8D04929A197C1BE4001A697B /* liquidfun-logo.png */; };
		8D049343197C1BE4001A697B /* Logo.md in Resources */ = {isa = PBXBuildFile; fileRef = 8D04929B197C1BE4001A697B /* Logo.md */; };
		8D049344197C1BE4001A697B /* doxyfile in Resources */ = {isa = PBXBuildFile; fileRef = 8D04929D197C1BE4001A697B /* doxyfile */; };
		8D049345197C1BE4001A697B /* jquery.js in Sources */ = {isa = PBXBuildFile; fileRef = 8D04929E197C1BE4001A697B /* jquery.js */; };
		8D049346197C1BE4001A697B /* doxyfile in Resources */ = {isa = PBXBuildFile; fileRef = 8D0492A0197C1BE4001A697B /* doxyfile */; };
		8D049347197C1BE4001A697B /* jquery.js in Sources */ = {isa = PBXBuildFile; fileRef = 8D0492A1197C1BE4001A697B /* jquery.js */; };
		8D049348197C1BE4001A697B /* doxyfile in Resources */ = {isa = PBXBuildFile; fileRef = 8D0492A3197C1BE4001A697B /* doxyfile */; };
		8D049349197C1BE4001A697B /* GettingStarted.md in Resources */ = {isa = PBXBuildFile; fileRef = 8D0492A4197C1BE4001A697B /* GettingStarted.md */; };
		8D04934A197C1BE4001A697B /* jquery.js in Sources */ = {isa = PBXBuildFile; fileRef = 8D0492A5197C1BE4001A697B /* jquery.js */; };
		8D04934B197C1BE4001A697B /* liquidfunpaint.jpg in Resources */ = {isa = PBXBuildFile; fileRef = 8D0492A6197C1BE4001A697B /* liquidfunpaint.jpg */; };
		8D04934C197C1BE4001A697B /* b2Body.cpp in Sources */ = {isa = PBXBuildFile; fileRef = 8D0492A8197C1BE4001A697B /* b2Body.cpp */; };
		8D04934D197C1BE4001A697B /* b2ContactManager.cpp in Sources */ = {isa = PBXBuildFile; fileRef = 8D0492AA197C1BE4001A697B /* b2ContactManager.cpp */; };
		8D04934E197C1BE4001A697B /* b2Fixture.cpp in Sources */ = {isa = PBXBuildFile; fileRef = 8D0492AC197C1BE4001A697B /* b2Fixture.cpp */; };
		8D04934F197C1BE4001A697B /* b2Island.cpp in Sources */ = {isa = PBXBuildFile; fileRef = 8D0492AE197C1BE4001A697B /* b2Island.cpp */; };
		8D049350197C1BE4001A697B /* b2World.cpp in Sources */ = {isa = PBXBuildFile; fileRef = 8D0492B1197C1BE4001A697B /* b2World.cpp */; };
		8D049351197C1BE4001A697B /* b2WorldCallbacks.cpp in Sources */ = {isa = PBXBuildFile; fileRef = 8D0492B3197C1BE4001A697B /* b2WorldCallbacks.cpp */; };
		8D049352197C1BE4001A697B /* b2ChainAndCircleContact.cpp in Sources */ = {isa = PBXBuildFile; fileRef = 8D0492B6197C1BE4001A697B /* b2ChainAndCircleContact.cpp */; };
		8D049353197C1BE4001A697B /* b2ChainAndPolygonContact.cpp in Sources */ = {isa = PBXBuildFile; fileRef = 8D0492B8197C1BE4001A697B /* b2ChainAndPolygonContact.cpp */; };
		8D049354197C1BE4001A697B /* b2CircleContact.cpp in Sources */ = {isa = PBXBuildFile; fileRef = 8D0492BA197C1BE4001A697B /* b2CircleContact.cpp */; };
		8D049355197C1BE4001A697B /* b2Contact.cpp in Sources */ = {isa = PBXBuildFile; fileRef = 8D0492BC197C1BE4001A697B /* b2Contact.cpp */; };
		8D049356197C1BE4001A697B /* b2ContactSolver.cpp in Sources */ = {isa = PBXBuildFile; fileRef = 8D0492BE197C1BE4001A697B /* b2ContactSolver.cpp */; };
		8D049357197C1BE4001A697B /* b2EdgeAndCircleContact.cpp in Sources */ = {isa = PBXBuildFile; fileRef = 8D0492C0197C1BE4001A697B /* b2EdgeAndCircleContact.cpp */; };
		8D049358197C1BE4001A697B /* b2EdgeAndPolygonContact.cpp in Sources */ = {isa = PBXBuildFile; fileRef = 8D0492C2197C1BE4001A697B /* b2EdgeAndPolygonContact.cpp */; };
		8D049359197C1BE4001A697B /* b2PolygonAndCircleContact.cpp in Sources */ = {isa = PBXBuildFile; fileRef = 8D0492C4197C1BE4001A697B /* b2PolygonAndCircleContact.cpp */; };
		8D04935A197C1BE4001A697B /* b2PolygonContact.cpp in Sources */ = {isa = PBXBuildFile; fileRef = 8D0492C6197C1BE4001A697B /* b2PolygonContact.cpp */; };
		8D04935B197C1BE4001A697B /* b2DistanceJoint.cpp in Sources */ = {isa = PBXBuildFile; fileRef = 8D0492C9197C1BE4001A697B /* b2DistanceJoint.cpp */; };
		8D04935C197C1BE4001A697B /* b2FrictionJoint.cpp in Sources */ = {isa = PBXBuildFile; fileRef = 8D0492CB197C1BE4001A697B /* b2FrictionJoint.cpp */; };
		8D04935D197C1BE4001A697B /* b2GearJoint.cpp in Sources */ = {isa = PBXBuildFile; fileRef = 8D0492CD197C1BE4001A697B /* b2GearJoint.cpp */; };
		8D04935E197C1BE4001A697B /* b2Joint.cpp in Sources */ = {isa = PBXBuildFile; fileRef = 8D0492CF197C1BE4001A697B /* b2Joint.cpp */; };
		8D04935F197C1BE4001A697B /* b2MotorJoint.cpp in Sources */ = {isa = PBXBuildFile; fileRef = 8D0492D1197C1BE4001A697B /* b2MotorJoint.cpp */; };
		8D049360197C1BE4001A697B /* b2MouseJoint.cpp in Sources */ = {isa = PBXBuildFile; fileRef = 8D0492D3197C1BE4001A697B /* b2MouseJoint.cpp */; };
		8D049361197C1BE4001A697B /* b2PrismaticJoint.cpp in Sources */ = {isa = PBXBuildFile; fileRef = 8D0492D5197C1BE4001A697B /* b2PrismaticJoint.cpp */; };
		8D049362197C1BE4001A697B /* b2PulleyJoint.cpp in Sources */ = {isa = PBXBuildFile; fileRef = 8D0492D7197C1BE4001A697B /* b2PulleyJoint.cpp */; };
		8D049363197C1BE4001A697B /* b2RevoluteJoint.cpp in Sources */ = {isa = PBXBuildFile; fileRef = 8D0492D9197C1BE4001A697B /* b2RevoluteJoint.cpp */; };
		8D049364197C1BE4001A697B /* b2RopeJoint.cpp in Sources */ = {isa = PBXBuildFile; fileRef = 8D0492DB197C1BE4001A697B /* b2RopeJoint.cpp */; };
		8D049365197C1BE4001A697B /* b2WeldJoint.cpp in Sources */ = {isa = PBXBuildFile; fileRef = 8D0492DD197C1BE4001A697B /* b2WeldJoint.cpp */; };
		8D049366197C1BE4001A697B /* b2WheelJoint.cpp in Sources */ = {isa = PBXBuildFile; fileRef = 8D0492DF197C1BE4001A697B /* b2WheelJoint.cpp */; };
		8D049367197C1BE4001A697B /* b2Particle.cpp in Sources */ = {isa = PBXBuildFile; fileRef = 8D0492E2197C1BE4001A697B /* b2Particle.cpp */; };
		8D049368197C1BE4001A697B /* b2ParticleAssembly.cpp in Sources */ = {isa = PBXBuildFile; fileRef = 8D0492E4197C1BE4001A697B /* b2ParticleAssembly.cpp */; };
		8D04936A197C1BE4001A697B /* b2ParticleGroup.cpp in Sources */ = {isa = PBXBuildFile; fileRef = 8D0492E7197C1BE4001A697B /* b2ParticleGroup.cpp */; };
		8D04936B197C1BE4001A697B /* b2ParticleSystem.cpp in Sources */ = {isa = PBXBuildFile; fileRef = 8D0492E9197C1BE4001A697B /* b2ParticleSystem.cpp */; };
		8D04936C197C1BE4001A697B /* b2VoronoiDiagram.cpp in Sources */ = {isa = PBXBuildFile; fileRef = 8D0492EC197C1BE4001A697B /* b2VoronoiDiagram.cpp */; };
		8D04936D197C1BE4001A697B /* b2Rope.cpp in Sources */ = {isa = PBXBuildFile; fileRef = 8D0492EF197C1BE4001A697B /* b2Rope.cpp */; };
		8D04936E197C1BE4001A697B /* UseBox2D.cmake in Resources */ = {isa = PBXBuildFile; fileRef = 8D0492F1197C1BE4001A697B /* UseBox2D.cmake */; };
		8D663DE6188D36920061EB60 /* water.sks in Resources */ = {isa = PBXBuildFile; fileRef = 8D663DE4188D36920061EB60 /* water.sks */; };
		8D663DE7188D36920061EB60 /* spark.png in Resources */ = {isa = PBXBuildFile; fileRef = 8D663DE5188D36920061EB60 /* spark.png */; };
		8D964B06188B7B1E004DFAC5 /* Foundation.framework in Frameworks */ = {isa = PBXBuildFile; fileRef = 8D964B05188B7B1E004DFAC5 /* Foundation.framework */; };
		8D964B08188B7B1E004DFAC5 /* CoreGraphics.framework in Frameworks */ = {isa = PBXBuildFile; fileRef = 8D964B07188B7B1E004DFAC5 /* CoreGraphics.framework */; };
		8D964B0A188B7B1E004DFAC5 /* UIKit.framework in Frameworks */ = {isa = PBXBuildFile; fileRef = 8D964B09188B7B1E004DFAC5 /* UIKit.framework */; };
		8D964B0C188B7B1E004DFAC5 /* SpriteKit.framework in Frameworks */ = {isa = PBXBuildFile; fileRef = 8D964B0B188B7B1E004DFAC5 /* SpriteKit.framework */; };
		8D964B12188B7B1E004DFAC5 /* InfoPlist.strings in Resources */ = {isa = PBXBuildFile; fileRef = 8D964B10188B7B1E004DFAC5 /* InfoPlist.strings */; };
		8D964B14188B7B1E004DFAC5 /* main.m in Sources */ = {isa = PBXBuildFile; fileRef = 8D964B13188B7B1E004DFAC5 /* main.m */; };
		8D964B18188B7B1E004DFAC5 /* LFSAppDelegate.m in Sources */ = {isa = PBXBuildFile; fileRef = 8D964B17188B7B1E004DFAC5 /* LFSAppDelegate.m */; };
		8D964B1B188B7B1E004DFAC5 /* Main_iPhone.storyboard in Resources */ = {isa = PBXBuildFile; fileRef = 8D964B19188B7B1E004DFAC5 /* Main_iPhone.storyboard */; };
		8D964B1E188B7B1E004DFAC5 /* Main_iPad.storyboard in Resources */ = {isa = PBXBuildFile; fileRef = 8D964B1C188B7B1E004DFAC5 /* Main_iPad.storyboard */; };
		8D964B21188B7B1E004DFAC5 /* LFSViewController.m in Sources */ = {isa = PBXBuildFile; fileRef = 8D964B20188B7B1E004DFAC5 /* LFSViewController.m */; };
		8D964B24188B7B1E004DFAC5 /* LFSMyScene.mm in Sources */ = {isa = PBXBuildFile; fileRef = 8D964B23188B7B1E004DFAC5 /* LFSMyScene.mm */; };
		8D964B26188B7B1E004DFAC5 /* Spaceship.png in Resources */ = {isa = PBXBuildFile; fileRef = 8D964B25188B7B1E004DFAC5 /* Spaceship.png */; };
		8D964B28188B7B1E004DFAC5 /* Images.xcassets in Resources */ = {isa = PBXBuildFile; fileRef = 8D964B27188B7B1E004DFAC5 /* Images.xcassets */; };
		8D964B2F188B7B1E004DFAC5 /* XCTest.framework in Frameworks */ = {isa = PBXBuildFile; fileRef = 8D964B2E188B7B1E004DFAC5 /* XCTest.framework */; };
		8D964B30188B7B1E004DFAC5 /* Foundation.framework in Frameworks */ = {isa = PBXBuildFile; fileRef = 8D964B05188B7B1E004DFAC5 /* Foundation.framework */; };
		8D964B31188B7B1E004DFAC5 /* UIKit.framework in Frameworks */ = {isa = PBXBuildFile; fileRef = 8D964B09188B7B1E004DFAC5 /* UIKit.framework */; };
		8D964B39188B7B1E004DFAC5 /* InfoPlist.strings in Resources */ = {isa = PBXBuildFile; fileRef = 8D964B37188B7B1E004DFAC5 /* InfoPlist.strings */; };
		8D964B3B188B7B1E004DFAC5 /* LiquidFunSampleTests.m in Sources */ = {isa = PBXBuildFile; fileRef = 8D964B3A188B7B1E004DFAC5 /* LiquidFunSampleTests.m */; };
/* End PBXBuildFile section */

/* Begin PBXContainerItemProxy section */
		8D964B32188B7B1E004DFAC5 /* PBXContainerItemProxy */ = {
			isa = PBXContainerItemProxy;
			containerPortal = 8D964AFA188B7B1E004DFAC5 /* Project object */;
			proxyType = 1;
			remoteGlobalIDString = 8D964B01188B7B1E004DFAC5;
			remoteInfo = LiquidFunSample;
		};
/* End PBXContainerItemProxy section */

/* Begin PBXFileReference section */
		8D04922B197C1BE4001A697B /* Box2D.h */ = {isa = PBXFileReference; fileEncoding = 4; lastKnownFileType = sourcecode.c.h; path = Box2D.h; sourceTree = "<group>"; };
		8D04922C197C1BE4001A697B /* Box2DConfig.cmake.in */ = {isa = PBXFileReference; fileEncoding = 4; lastKnownFileType = text; path = Box2DConfig.cmake.in; sourceTree = "<group>"; };
		8D04922D197C1BE4001A697B /* CMakeLists.txt */ = {isa = PBXFileReference; fileEncoding = 4; lastKnownFileType = text; path = CMakeLists.txt; sourceTree = "<group>"; };
		8D04922F197C1BE4001A697B /* b2BroadPhase.cpp */ = {isa = PBXFileReference; fileEncoding = 4; lastKnownFileType = sourcecode.cpp.cpp; path = b2BroadPhase.cpp; sourceTree = "<group>"; };
		8D049230197C1BE4001A697B /* b2BroadPhase.h */ = {isa = PBXFileReference; fileEncoding = 4; lastKnownFileType = sourcecode.c.h; path = b2BroadPhase.h; sourceTree = "<group>"; };
		8D049231197C1BE4001A697B /* b2CollideCircle.cpp */ = {isa = PBXFileReference; fileEncoding = 4; lastKnownFileType = sourcecode.cpp.cpp; path = b2CollideCircle.cpp; sourceTree = "<group>"; };
		8D049232197C1BE4001A697B /* b2CollideEdge.cpp */ = {isa = PBXFileReference; fileEncoding = 4; lastKnownFileType = sourcecode.cpp.cpp; path = b2CollideEdge.cpp; sourceTree = "<group>"; };
		8D049233197C1BE4001A697B /* b2CollidePolygon.cpp */ = {isa = PBXFileReference; fileEncoding = 4; lastKnownFileType = sourcecode.cpp.cpp; path = b2CollidePolygon.cpp; sourceTree = "<group>"; };
		8D049234197C1BE4001A697B /* b2Collision.cpp */ = {isa = PBXFileReference; fileEncoding = 4; lastKnownFileType = sourcecode.cpp.cpp; path = b2Collision.cpp; sourceTree = "<group>"; };
		8D049235197C1BE4001A697B /* b2Collision.h */ = {isa = PBXFileReference; fileEncoding = 4; lastKnownFileType = sourcecode.c.h; path = b2Collision.h; sourceTree = "<group>"; };
		8D049236197C1BE4001A697B /* b2Distance.cpp */ = {isa = PBXFileReference; fileEncoding = 4; lastKnownFileType = sourcecode.cpp.cpp; path = b2Distance.cpp; sourceTree = "<group>"; };
		8D049237197C1BE4001A697B /* b2Distance.h */ = {isa = PBXFileReference; fileEncoding = 4; lastKnownFileType = sourcecode.c.h; path = b2Distance.h; sourceTree = "<group>"; };
		8D049238197C1BE4001A697B /* b2DynamicTree.cpp */ = {isa = PBXFileReference; fileEncoding = 4; lastKnownFileType = sourcecode.cpp.cpp; path = b2DynamicTree.cpp; sourceTree = "<group>"; };
		8D049239197C1BE4001A697B /* b2DynamicTree.h */ = {isa = PBXFileReference; fileEncoding = 4; lastKnownFileType = sourcecode.c.h; path = b2DynamicTree.h; sourceTree = "<group>"; };
		8D04923A197C1BE4001A697B /* b2TimeOfImpact.cpp */ = {isa = PBXFileReference; fileEncoding = 4; lastKnownFileType = sourcecode.cpp.cpp; path = b2TimeOfImpact.cpp; sourceTree = "<group>"; };
		8D04923B197C1BE4001A697B /* b2TimeOfImpact.h */ = {isa = PBXFileReference; fileEncoding = 4; lastKnownFileType = sourcecode.c.h; path = b2TimeOfImpact.h; sourceTree = "<group>"; };
		8D04923D197C1BE4001A697B /* b2ChainShape.cpp */ = {isa = PBXFileReference; fileEncoding = 4; lastKnownFileType = sourcecode.cpp.cpp; path = b2ChainShape.cpp; sourceTree = "<group>"; };
		8D04923E197C1BE4001A697B /* b2ChainShape.h */ = {isa = PBXFileReference; fileEncoding = 4; lastKnownFileType = sourcecode.c.h; path = b2ChainShape.h; sourceTree = "<group>"; };
		8D04923F197C1BE4001A697B /* b2CircleShape.cpp */ = {isa = PBXFileReference; fileEncoding = 4; lastKnownFileType = sourcecode.cpp.cpp; path = b2CircleShape.cpp; sourceTree = "<group>"; };
		8D049240197C1BE4001A697B /* b2CircleShape.h */ = {isa = PBXFileReference; fileEncoding = 4; lastKnownFileType = sourcecode.c.h; path = b2CircleShape.h; sourceTree = "<group>"; };
		8D049241197C1BE4001A697B /* b2EdgeShape.cpp */ = {isa = PBXFileReference; fileEncoding = 4; lastKnownFileType = sourcecode.cpp.cpp; path = b2EdgeShape.cpp; sourceTree = "<group>"; };
		8D049242197C1BE4001A697B /* b2EdgeShape.h */ = {isa = PBXFileReference; fileEncoding = 4; lastKnownFileType = sourcecode.c.h; path = b2EdgeShape.h; sourceTree = "<group>"; };
		8D049243197C1BE4001A697B /* b2PolygonShape.cpp */ = {isa = PBXFileReference; fileEncoding = 4; lastKnownFileType = sourcecode.cpp.cpp; path = b2PolygonShape.cpp; sourceTree = "<group>"; };
		8D049244197C1BE4001A697B /* b2PolygonShape.h */ = {isa = PBXFileReference; fileEncoding = 4; lastKnownFileType = sourcecode.c.h; path = b2PolygonShape.h; sourceTree = "<group>"; };
		8D049245197C1BE4001A697B /* b2Shape.h */ = {isa = PBXFileReference; fileEncoding = 4; lastKnownFileType = sourcecode.c.h; path = b2Shape.h; sourceTree = "<group>"; };
		8D049247197C1BE4001A697B /* b2BlockAllocator.cpp */ = {isa = PBXFileReference; fileEncoding = 4; lastKnownFileType = sourcecode.cpp.cpp; path = b2BlockAllocator.cpp; sourceTree = "<group>"; };
		8D049248197C1BE4001A697B /* b2BlockAllocator.h */ = {isa = PBXFileReference; fileEncoding = 4; lastKnownFileType = sourcecode.c.h; path = b2BlockAllocator.h; sourceTree = "<group>"; };
		8D049249197C1BE4001A697B /* b2Draw.cpp */ = {isa = PBXFileReference; fileEncoding = 4; lastKnownFileType = sourcecode.cpp.cpp; path = b2Draw.cpp; sourceTree = "<group>"; };
		8D04924A197C1BE4001A697B /* b2Draw.h */ = {isa = PBXFileReference; fileEncoding = 4; lastKnownFileType = sourcecode.c.h; path = b2Draw.h; sourceTree = "<group>"; };
		8D04924B197C1BE4001A697B /* b2FreeList.cpp */ = {isa = PBXFileReference; fileEncoding = 4; lastKnownFileType = sourcecode.cpp.cpp; path = b2FreeList.cpp; sourceTree = "<group>"; };
		8D04924C197C1BE4001A697B /* b2FreeList.h */ = {isa = PBXFileReference; fileEncoding = 4; lastKnownFileType = sourcecode.c.h; path = b2FreeList.h; sourceTree = "<group>"; };
		8D04924D197C1BE4001A697B /* b2GrowableBuffer.h */ = {isa = PBXFileReference; fileEncoding = 4; lastKnownFileType = sourcecode.c.h; path = b2GrowableBuffer.h; sourceTree = "<group>"; };
		8D04924E197C1BE4001A697B /* b2GrowableStack.h */ = {isa = PBXFileReference; fileEncoding = 4; lastKnownFileType = sourcecode.c.h; path = b2GrowableStack.h; sourceTree = "<group>"; };
		8D04924F197C1BE4001A697B /* b2IntrusiveList.h */ = {isa = PBXFileReference; fileEncoding = 4; lastKnownFileType = sourcecode.c.h; path = b2IntrusiveList.h; sourceTree = "<group>"; };
		8D049250197C1BE4001A697B /* b2Math.cpp */ = {isa = PBXFileReference; fileEncoding = 4; lastKnownFileType = sourcecode.cpp.cpp; path = b2Math.cpp; sourceTree = "<group>"; };
		8D049251197C1BE4001A697B /* b2Math.h */ = {isa = PBXFileReference; fileEncoding = 4; lastKnownFileType = sourcecode.c.h; path = b2Math.h; sourceTree = "<group>"; };
		8D049252197C1BE4001A697B /* b2Settings.cpp */ = {isa = PBXFileReference; fileEncoding = 4; lastKnownFileType = sourcecode.cpp.cpp; path = b2Settings.cpp; sourceTree = "<group>"; };
		8D049253197C1BE4001A697B /* b2Settings.h */ = {isa = PBXFileReference; fileEncoding = 4; lastKnownFileType = sourcecode.c.h; path = b2Settings.h; sourceTree = "<group>"; };
		8D049254197C1BE4001A697B /* b2SlabAllocator.h */ = {isa = PBXFileReference; fileEncoding = 4; lastKnownFileType = sourcecode.c.h; path = b2SlabAllocator.h; sourceTree = "<group>"; };
		8D049255197C1BE4001A697B /* b2StackAllocator.cpp */ = {isa = PBXFileReference; fileEncoding = 4; lastKnownFileType = sourcecode.cpp.cpp; path = b2StackAllocator.cpp; sourceTree = "<group>"; };
		8D049256197C1BE4001A697B /* b2StackAllocator.h */ = {isa = PBXFileReference; fileEncoding = 4; lastKnownFileType = sourcecode.c.h; path = b2StackAllocator.h; sourceTree = "<group>"; };
		8D049257197C1BE4001A697B /* b2Stat.cpp */ = {isa = PBXFileReference; fileEncoding = 4; lastKnownFileType = sourcecode.cpp.cpp; path = b2Stat.cpp; sourceTree = "<group>"; };
		8D049258197C1BE4001A697B /* b2Stat.h */ = {isa = PBXFileReference; fileEncoding = 4; lastKnownFileType = sourcecode.c.h; path = b2Stat.h; sourceTree = "<group>"; };
		8D049259197C1BE4001A697B /* b2Timer.cpp */ = {isa = PBXFileReference; fileEncoding = 4; lastKnownFileType = sourcecode.cpp.cpp; path = b2Timer.cpp; sourceTree = "<group>"; };
		8D04925A197C1BE4001A697B /* b2Timer.h */ = {isa = PBXFileReference; fileEncoding = 4; lastKnownFileType = sourcecode.c.h; path = b2Timer.h; sourceTree = "<group>"; };
		8D04925B197C1BE4001A697B /* b2TrackedBlock.cpp */ = {isa = PBXFileReference; fileEncoding = 4; lastKnownFileType = sourcecode.cpp.cpp; path = b2TrackedBlock.cpp; sourceTree = "<group>"; };
		8D04925C197C1BE4001A697B /* b2TrackedBlock.h */ = {isa = PBXFileReference; fileEncoding = 4; lastKnownFileType = sourcecode.c.h; path = b2TrackedBlock.h; sourceTree = "<group>"; };
		8D04925F197C1BE4001A697B /* doxyfile */ = {isa = PBXFileReference; fileEncoding = 4; lastKnownFileType = text; path = doxyfile; sourceTree = "<group>"; };
		8D049261197C1BE4001A697B /* Building.md */ = {isa = PBXFileReference; fileEncoding = 4; lastKnownFileType = text; path = Building.md; sourceTree = "<group>"; };
		8D049262197C1BE4001A697B /* BuildingAndroid.md */ = {isa = PBXFileReference; fileEncoding = 4; lastKnownFileType = text; path = BuildingAndroid.md; sourceTree = "<group>"; };
		8D049263197C1BE4001A697B /* BuildingiOS.md */ = {isa = PBXFileReference; fileEncoding = 4; lastKnownFileType = text; path = BuildingiOS.md; sourceTree = "<group>"; };
		8D049264197C1BE4001A697B /* BuildingJavaScript.md */ = {isa = PBXFileReference; fileEncoding = 4; lastKnownFileType = text; path = BuildingJavaScript.md; sourceTree = "<group>"; };
		8D049265197C1BE4001A697B /* BuildingLinux.md */ = {isa = PBXFileReference; fileEncoding = 4; lastKnownFileType = text; path = BuildingLinux.md; sourceTree = "<group>"; };
		8D049266197C1BE4001A697B /* BuildingOSX.md */ = {isa = PBXFileReference; fileEncoding = 4; lastKnownFileType = text; path = BuildingOSX.md; sourceTree = "<group>"; };
		8D049267197C1BE4001A697B /* BuildingWindows.md */ = {isa = PBXFileReference; fileEncoding = 4; lastKnownFileType = text; path = BuildingWindows.md; sourceTree = "<group>"; };
		8D049268197C1BE4001A697B /* doxyfile */ = {isa = PBXFileReference; fileEncoding = 4; lastKnownFileType = text; path = doxyfile; sourceTree = "<group>"; };
		8D049269197C1BE4001A697B /* PortingFromBox2D.md */ = {isa = PBXFileReference; fileEncoding = 4; lastKnownFileType = text; path = PortingFromBox2D.md; sourceTree = "<group>"; };
		8D04926A197C1BE4001A697B /* footer.html */ = {isa = PBXFileReference; fileEncoding = 4; lastKnownFileType = text.html.documentation; path = footer.html; sourceTree = "<group>"; };
		8D04926C197C1BE4001A697B /* Chapter01_Introduction.md */ = {isa = PBXFileReference; fileEncoding = 4; lastKnownFileType = text; path = Chapter01_Introduction.md; sourceTree = "<group>"; };
		8D04926D197C1BE4001A697B /* Chapter02_Hello_Box2D.md */ = {isa = PBXFileReference; fileEncoding = 4; lastKnownFileType = text; path = Chapter02_Hello_Box2D.md; sourceTree = "<group>"; };
		8D04926E197C1BE4001A697B /* Chapter03_Common.md */ = {isa = PBXFileReference; fileEncoding = 4; lastKnownFileType = text; path = Chapter03_Common.md; sourceTree = "<group>"; };
		8D04926F197C1BE4001A697B /* Chapter04_Collision_Module.md */ = {isa = PBXFileReference; fileEncoding = 4; lastKnownFileType = text; path = Chapter04_Collision_Module.md; sourceTree = "<group>"; };
		8D049270197C1BE4001A697B /* Chapter05_Dynamics_Module.md */ = {isa = PBXFileReference; fileEncoding = 4; lastKnownFileType = text; path = Chapter05_Dynamics_Module.md; sourceTree = "<group>"; };
		8D049271197C1BE4001A697B /* Chapter06_Bodies.md */ = {isa = PBXFileReference; fileEncoding = 4; lastKnownFileType = text; path = Chapter06_Bodies.md; sourceTree = "<group>"; };
		8D049272197C1BE4001A697B /* Chapter07_Fixtures.md */ = {isa = PBXFileReference; fileEncoding = 4; lastKnownFileType = text; path = Chapter07_Fixtures.md; sourceTree = "<group>"; };
		8D049273197C1BE4001A697B /* Chapter08_Joints.md */ = {isa = PBXFileReference; fileEncoding = 4; lastKnownFileType = text; path = Chapter08_Joints.md; sourceTree = "<group>"; };
		8D049274197C1BE4001A697B /* Chapter09_Contacts.md */ = {isa = PBXFileReference; fileEncoding = 4; lastKnownFileType = text; path = Chapter09_Contacts.md; sourceTree = "<group>"; };
		8D049275197C1BE4001A697B /* Chapter10_World.md */ = {isa = PBXFileReference; fileEncoding = 4; lastKnownFileType = text; path = Chapter10_World.md; sourceTree = "<group>"; };
		8D049276197C1BE4001A697B /* Chapter11_Particles.md */ = {isa = PBXFileReference; fileEncoding = 4; lastKnownFileType = text; path = Chapter11_Particles.md; sourceTree = "<group>"; };
		8D049277197C1BE4001A697B /* Chapter12_Loose_Ends.md */ = {isa = PBXFileReference; fileEncoding = 4; lastKnownFileType = text; path = Chapter12_Loose_Ends.md; sourceTree = "<group>"; };
		8D049278197C1BE4001A697B /* Chapter13_Debug_Drawing.md */ = {isa = PBXFileReference; fileEncoding = 4; lastKnownFileType = text; path = Chapter13_Debug_Drawing.md; sourceTree = "<group>"; };
		8D049279197C1BE4001A697B /* Chapter14_Limitations.md */ = {isa = PBXFileReference; fileEncoding = 4; lastKnownFileType = text; path = Chapter14_Limitations.md; sourceTree = "<group>"; };
		8D04927A197C1BE4001A697B /* Chapter15_References.md */ = {isa = PBXFileReference; fileEncoding = 4; lastKnownFileType = text; path = Chapter15_References.md; sourceTree = "<group>"; };
		8D04927B197C1BE4001A697B /* ContentLicense.md */ = {isa = PBXFileReference; fileEncoding = 4; lastKnownFileType = text; path = ContentLicense.md; sourceTree = "<group>"; };
		8D04927C197C1BE4001A697B /* doxyfile */ = {isa = PBXFileReference; fileEncoding = 4; lastKnownFileType = text; path = doxyfile; sourceTree = "<group>"; };
		8D04927D197C1BE4001A697B /* image_0.png */ = {isa = PBXFileReference; lastKnownFileType = image.png; path = image_0.png; sourceTree = "<group>"; };
		8D04927E197C1BE4001A697B /* image_1.png */ = {isa = PBXFileReference; lastKnownFileType = image.png; path = image_1.png; sourceTree = "<group>"; };
		8D04927F197C1BE4001A697B /* image_10.png */ = {isa = PBXFileReference; lastKnownFileType = image.png; path = image_10.png; sourceTree = "<group>"; };
		8D049280197C1BE4001A697B /* image_11.png */ = {isa = PBXFileReference; lastKnownFileType = image.png; path = image_11.png; sourceTree = "<group>"; };
		8D049281197C1BE4001A697B /* image_12.png */ = {isa = PBXFileReference; lastKnownFileType = image.png; path = image_12.png; sourceTree = "<group>"; };
		8D049282197C1BE4001A697B /* image_13.png */ = {isa = PBXFileReference; lastKnownFileType = image.png; path = image_13.png; sourceTree = "<group>"; };
		8D049283197C1BE4001A697B /* image_14.png */ = {isa = PBXFileReference; lastKnownFileType = image.png; path = image_14.png; sourceTree = "<group>"; };
		8D049284197C1BE4001A697B /* image_15.png */ = {isa = PBXFileReference; lastKnownFileType = image.png; path = image_15.png; sourceTree = "<group>"; };
		8D049285197C1BE4001A697B /* image_16.png */ = {isa = PBXFileReference; lastKnownFileType = image.png; path = image_16.png; sourceTree = "<group>"; };
		8D049286197C1BE4001A697B /* image_17.png */ = {isa = PBXFileReference; lastKnownFileType = image.png; path = image_17.png; sourceTree = "<group>"; };
		8D049287197C1BE4001A697B /* image_18.gif */ = {isa = PBXFileReference; lastKnownFileType = image.gif; path = image_18.gif; sourceTree = "<group>"; };
		8D049288197C1BE4001A697B /* image_19.gif */ = {isa = PBXFileReference; lastKnownFileType = image.gif; path = image_19.gif; sourceTree = "<group>"; };
		8D049289197C1BE4001A697B /* image_2.gif */ = {isa = PBXFileReference; lastKnownFileType = image.gif; path = image_2.gif; sourceTree = "<group>"; };
		8D04928A197C1BE4001A697B /* image_20.gif */ = {isa = PBXFileReference; lastKnownFileType = image.gif; path = image_20.gif; sourceTree = "<group>"; };
		8D04928B197C1BE4001A697B /* image_21.gif */ = {isa = PBXFileReference; lastKnownFileType = image.gif; path = image_21.gif; sourceTree = "<group>"; };
		8D04928C197C1BE4001A697B /* image_22.gif */ = {isa = PBXFileReference; lastKnownFileType = image.gif; path = image_22.gif; sourceTree = "<group>"; };
		8D04928D197C1BE4001A697B /* image_23.png */ = {isa = PBXFileReference; lastKnownFileType = image.png; path = image_23.png; sourceTree = "<group>"; };
		8D04928E197C1BE4001A697B /* image_24.png */ = {isa = PBXFileReference; lastKnownFileType = image.png; path = image_24.png; sourceTree = "<group>"; };
		8D04928F197C1BE4001A697B /* image_3.gif */ = {isa = PBXFileReference; lastKnownFileType = image.gif; path = image_3.gif; sourceTree = "<group>"; };
		8D049290197C1BE4001A697B /* image_4.png */ = {isa = PBXFileReference; lastKnownFileType = image.png; path = image_4.png; sourceTree = "<group>"; };
		8D049291197C1BE4001A697B /* image_5.png */ = {isa = PBXFileReference; lastKnownFileType = image.png; path = image_5.png; sourceTree = "<group>"; };
		8D049292197C1BE4001A697B /* image_6.png */ = {isa = PBXFileReference; lastKnownFileType = image.png; path = image_6.png; sourceTree = "<group>"; };
		8D049293197C1BE4001A697B /* image_7.png */ = {isa = PBXFileReference; lastKnownFileType = image.png; path = image_7.png; sourceTree = "<group>"; };
		8D049294197C1BE4001A697B /* image_8.png */ = {isa = PBXFileReference; lastKnownFileType = image.png; path = image_8.png; sourceTree = "<group>"; };
		8D049295197C1BE4001A697B /* image_9.png */ = {isa = PBXFileReference; lastKnownFileType = image.png; path = image_9.png; sourceTree = "<group>"; };
		8D049296197C1BE4001A697B /* liquidfun-logo-horizontal-small.png */ = {isa = PBXFileReference; lastKnownFileType = image.png; path = "liquidfun-logo-horizontal-small.png"; sourceTree = "<group>"; };
		8D049297197C1BE4001A697B /* liquidfun-logo-small.png */ = {isa = PBXFileReference; lastKnownFileType = image.png; path = "liquidfun-logo-small.png"; sourceTree = "<group>"; };
		8D049298197C1BE4001A697B /* liquidfun-logo-square-small.png */ = {isa = PBXFileReference; lastKnownFileType = image.png; path = "liquidfun-logo-square-small.png"; sourceTree = "<group>"; };
		8D049299197C1BE4001A697B /* liquidfun-logo.ai */ = {isa = PBXFileReference; fileEncoding = 4; lastKnownFileType = text; path = "liquidfun-logo.ai"; sourceTree = "<group>"; };
		8D04929A197C1BE4001A697B /* liquidfun-logo.png */ = {isa = PBXFileReference; lastKnownFileType = image.png; path = "liquidfun-logo.png"; sourceTree = "<group>"; };
		8D04929B197C1BE4001A697B /* Logo.md */ = {isa = PBXFileReference; fileEncoding = 4; lastKnownFileType = text; path = Logo.md; sourceTree = "<group>"; };
		8D04929D197C1BE4001A697B /* doxyfile */ = {isa = PBXFileReference; fileEncoding = 4; lastKnownFileType = text; path = doxyfile; sourceTree = "<group>"; };
		8D04929E197C1BE4001A697B /* jquery.js */ = {isa = PBXFileReference; fileEncoding = 4; lastKnownFileType = sourcecode.javascript; path = jquery.js; sourceTree = "<group>"; };
		8D0492A0197C1BE4001A697B /* doxyfile */ = {isa = PBXFileReference; fileEncoding = 4; lastKnownFileType = text; path = doxyfile; sourceTree = "<group>"; };
		8D0492A1197C1BE4001A697B /* jquery.js */ = {isa = PBXFileReference; fileEncoding = 4; lastKnownFileType = sourcecode.javascript; path = jquery.js; sourceTree = "<group>"; };
		8D0492A3197C1BE4001A697B /* doxyfile */ = {isa = PBXFileReference; fileEncoding = 4; lastKnownFileType = text; path = doxyfile; sourceTree = "<group>"; };
		8D0492A4197C1BE4001A697B /* GettingStarted.md */ = {isa = PBXFileReference; fileEncoding = 4; lastKnownFileType = text; path = GettingStarted.md; sourceTree = "<group>"; };
		8D0492A5197C1BE4001A697B /* jquery.js */ = {isa = PBXFileReference; fileEncoding = 4; lastKnownFileType = sourcecode.javascript; path = jquery.js; sourceTree = "<group>"; };
		8D0492A6197C1BE4001A697B /* liquidfunpaint.jpg */ = {isa = PBXFileReference; lastKnownFileType = image.jpeg; path = liquidfunpaint.jpg; sourceTree = "<group>"; };
		8D0492A8197C1BE4001A697B /* b2Body.cpp */ = {isa = PBXFileReference; fileEncoding = 4; lastKnownFileType = sourcecode.cpp.cpp; path = b2Body.cpp; sourceTree = "<group>"; };
		8D0492A9197C1BE4001A697B /* b2Body.h */ = {isa = PBXFileReference; fileEncoding = 4; lastKnownFileType = sourcecode.c.h; path = b2Body.h; sourceTree = "<group>"; };
		8D0492AA197C1BE4001A697B /* b2ContactManager.cpp */ = {isa = PBXFileReference; fileEncoding = 4; lastKnownFileType = sourcecode.cpp.cpp; path = b2ContactManager.cpp; sourceTree = "<group>"; };
		8D0492AB197C1BE4001A697B /* b2ContactManager.h */ = {isa = PBXFileReference; fileEncoding = 4; lastKnownFileType = sourcecode.c.h; path = b2ContactManager.h; sourceTree = "<group>"; };
		8D0492AC197C1BE4001A697B /* b2Fixture.cpp */ = {isa = PBXFileReference; fileEncoding = 4; lastKnownFileType = sourcecode.cpp.cpp; path = b2Fixture.cpp; sourceTree = "<group>"; };
		8D0492AD197C1BE4001A697B /* b2Fixture.h */ = {isa = PBXFileReference; fileEncoding = 4; lastKnownFileType = sourcecode.c.h; path = b2Fixture.h; sourceTree = "<group>"; };
		8D0492AE197C1BE4001A697B /* b2Island.cpp */ = {isa = PBXFileReference; fileEncoding = 4; lastKnownFileType = sourcecode.cpp.cpp; path = b2Island.cpp; sourceTree = "<group>"; };
		8D0492AF197C1BE4001A697B /* b2Island.h */ = {isa = PBXFileReference; fileEncoding = 4; lastKnownFileType = sourcecode.c.h; path = b2Island.h; sourceTree = "<group>"; };
		8D0492B0197C1BE4001A697B /* b2TimeStep.h */ = {isa = PBXFileReference; fileEncoding = 4; lastKnownFileType = sourcecode.c.h; path = b2TimeStep.h; sourceTree = "<group>"; };
		8D0492B1197C1BE4001A697B /* b2World.cpp */ = {isa = PBXFileReference; fileEncoding = 4; lastKnownFileType = sourcecode.cpp.cpp; path = b2World.cpp; sourceTree = "<group>"; };
		8D0492B2197C1BE4001A697B /* b2World.h */ = {isa = PBXFileReference; fileEncoding = 4; lastKnownFileType = sourcecode.c.h; path = b2World.h; sourceTree = "<group>"; };
		8D0492B3197C1BE4001A697B /* b2WorldCallbacks.cpp */ = {isa = PBXFileReference; fileEncoding = 4; lastKnownFileType = sourcecode.cpp.cpp; path = b2WorldCallbacks.cpp; sourceTree = "<group>"; };
		8D0492B4197C1BE4001A697B /* b2WorldCallbacks.h */ = {isa = PBXFileReference; fileEncoding = 4; lastKnownFileType = sourcecode.c.h; path = b2WorldCallbacks.h; sourceTree = "<group>"; };
		8D0492B6197C1BE4001A697B /* b2ChainAndCircleContact.cpp */ = {isa = PBXFileReference; fileEncoding = 4; lastKnownFileType = sourcecode.cpp.cpp; path = b2ChainAndCircleContact.cpp; sourceTree = "<group>"; };
		8D0492B7197C1BE4001A697B /* b2ChainAndCircleContact.h */ = {isa = PBXFileReference; fileEncoding = 4; lastKnownFileType = sourcecode.c.h; path = b2ChainAndCircleContact.h; sourceTree = "<group>"; };
		8D0492B8197C1BE4001A697B /* b2ChainAndPolygonContact.cpp */ = {isa = PBXFileReference; fileEncoding = 4; lastKnownFileType = sourcecode.cpp.cpp; path = b2ChainAndPolygonContact.cpp; sourceTree = "<group>"; };
		8D0492B9197C1BE4001A697B /* b2ChainAndPolygonContact.h */ = {isa = PBXFileReference; fileEncoding = 4; lastKnownFileType = sourcecode.c.h; path = b2ChainAndPolygonContact.h; sourceTree = "<group>"; };
		8D0492BA197C1BE4001A697B /* b2CircleContact.cpp */ = {isa = PBXFileReference; fileEncoding = 4; lastKnownFileType = sourcecode.cpp.cpp; path = b2CircleContact.cpp; sourceTree = "<group>"; };
		8D0492BB197C1BE4001A697B /* b2CircleContact.h */ = {isa = PBXFileReference; fileEncoding = 4; lastKnownFileType = sourcecode.c.h; path = b2CircleContact.h; sourceTree = "<group>"; };
		8D0492BC197C1BE4001A697B /* b2Contact.cpp */ = {isa = PBXFileReference; fileEncoding = 4; lastKnownFileType = sourcecode.cpp.cpp; path = b2Contact.cpp; sourceTree = "<group>"; };
		8D0492BD197C1BE4001A697B /* b2Contact.h */ = {isa = PBXFileReference; fileEncoding = 4; lastKnownFileType = sourcecode.c.h; path = b2Contact.h; sourceTree = "<group>"; };
		8D0492BE197C1BE4001A697B /* b2ContactSolver.cpp */ = {isa = PBXFileReference; fileEncoding = 4; lastKnownFileType = sourcecode.cpp.cpp; path = b2ContactSolver.cpp; sourceTree = "<group>"; };
		8D0492BF197C1BE4001A697B /* b2ContactSolver.h */ = {isa = PBXFileReference; fileEncoding = 4; lastKnownFileType = sourcecode.c.h; path = b2ContactSolver.h; sourceTree = "<group>"; };
		8D0492C0197C1BE4001A697B /* b2EdgeAndCircleContact.cpp */ = {isa = PBXFileReference; fileEncoding = 4; lastKnownFileType = sourcecode.cpp.cpp; path = b2EdgeAndCircleContact.cpp; sourceTree = "<group>"; };
		8D0492C1197C1BE4001A697B /* b2EdgeAndCircleContact.h */ = {isa = PBXFileReference; fileEncoding = 4; lastKnownFileType = sourcecode.c.h; path = b2EdgeAndCircleContact.h; sourceTree = "<group>"; };
		8D0492C2197C1BE4001A697B /* b2EdgeAndPolygonContact.cpp */ = {isa = PBXFileReference; fileEncoding = 4; lastKnownFileType = sourcecode.cpp.cpp; path = b2EdgeAndPolygonContact.cpp; sourceTree = "<group>"; };
		8D0492C3197C1BE4001A697B /* b2EdgeAndPolygonContact.h */ = {isa = PBXFileReference; fileEncoding = 4; lastKnownFileType = sourcecode.c.h; path = b2EdgeAndPolygonContact.h; sourceTree = "<group>"; };
		8D0492C4197C1BE4001A697B /* b2PolygonAndCircleContact.cpp */ = {isa = PBXFileReference; fileEncoding = 4; lastKnownFileType = sourcecode.cpp.cpp; path = b2PolygonAndCircleContact.cpp; sourceTree = "<group>"; };
		8D0492C5197C1BE4001A697B /* b2PolygonAndCircleContact.h */ = {isa = PBXFileReference; fileEncoding = 4; lastKnownFileType = sourcecode.c.h; path = b2PolygonAndCircleContact.h; sourceTree = "<group>"; };
		8D0492C6197C1BE4001A697B /* b2PolygonContact.cpp */ = {isa = PBXFileReference; fileEncoding = 4; lastKnownFileType = sourcecode.cpp.cpp; path = b2PolygonContact.cpp; sourceTree = "<group>"; };
		8D0492C7197C1BE4001A697B /* b2PolygonContact.h */ = {isa = PBXFileReference; fileEncoding = 4; lastKnownFileType = sourcecode.c.h; path = b2PolygonContact.h; sourceTree = "<group>"; };
		8D0492C9197C1BE4001A697B /* b2DistanceJoint.cpp */ = {isa = PBXFileReference; fileEncoding = 4; lastKnownFileType = sourcecode.cpp.cpp; path = b2DistanceJoint.cpp; sourceTree = "<group>"; };
		8D0492CA197C1BE4001A697B /* b2DistanceJoint.h */ = {isa = PBXFileReference; fileEncoding = 4; lastKnownFileType = sourcecode.c.h; path = b2DistanceJoint.h; sourceTree = "<group>"; };
		8D0492CB197C1BE4001A697B /* b2FrictionJoint.cpp */ = {isa = PBXFileReference; fileEncoding = 4; lastKnownFileType = sourcecode.cpp.cpp; path = b2FrictionJoint.cpp; sourceTree = "<group>"; };
		8D0492CC197C1BE4001A697B /* b2FrictionJoint.h */ = {isa = PBXFileReference; fileEncoding = 4; lastKnownFileType = sourcecode.c.h; path = b2FrictionJoint.h; sourceTree = "<group>"; };
		8D0492CD197C1BE4001A697B /* b2GearJoint.cpp */ = {isa = PBXFileReference; fileEncoding = 4; lastKnownFileType = sourcecode.cpp.cpp; path = b2GearJoint.cpp; sourceTree = "<group>"; };
		8D0492CE197C1BE4001A697B /* b2GearJoint.h */ = {isa = PBXFileReference; fileEncoding = 4; lastKnownFileType = sourcecode.c.h; path = b2GearJoint.h; sourceTree = "<group>"; };
		8D0492CF197C1BE4001A697B /* b2Joint.cpp */ = {isa = PBXFileReference; fileEncoding = 4; lastKnownFileType = sourcecode.cpp.cpp; path = b2Joint.cpp; sourceTree = "<group>"; };
		8D0492D0197C1BE4001A697B /* b2Joint.h */ = {isa = PBXFileReference; fileEncoding = 4; lastKnownFileType = sourcecode.c.h; path = b2Joint.h; sourceTree = "<group>"; };
		8D0492D1197C1BE4001A697B /* b2MotorJoint.cpp */ = {isa = PBXFileReference; fileEncoding = 4; lastKnownFileType = sourcecode.cpp.cpp; path = b2MotorJoint.cpp; sourceTree = "<group>"; };
		8D0492D2197C1BE4001A697B /* b2MotorJoint.h */ = {isa = PBXFileReference; fileEncoding = 4; lastKnownFileType = sourcecode.c.h; path = b2MotorJoint.h; sourceTree = "<group>"; };
		8D0492D3197C1BE4001A697B /* b2MouseJoint.cpp */ = {isa = PBXFileReference; fileEncoding = 4; lastKnownFileType = sourcecode.cpp.cpp; path = b2MouseJoint.cpp; sourceTree = "<group>"; };
		8D0492D4197C1BE4001A697B /* b2MouseJoint.h */ = {isa = PBXFileReference; fileEncoding = 4; lastKnownFileType = sourcecode.c.h; path = b2MouseJoint.h; sourceTree = "<group>"; };
		8D0492D5197C1BE4001A697B /* b2PrismaticJoint.cpp */ = {isa = PBXFileReference; fileEncoding = 4; lastKnownFileType = sourcecode.cpp.cpp; path = b2PrismaticJoint.cpp; sourceTree = "<group>"; };
		8D0492D6197C1BE4001A697B /* b2PrismaticJoint.h */ = {isa = PBXFileReference; fileEncoding = 4; lastKnownFileType = sourcecode.c.h; path = b2PrismaticJoint.h; sourceTree = "<group>"; };
		8D0492D7197C1BE4001A697B /* b2PulleyJoint.cpp */ = {isa = PBXFileReference; fileEncoding = 4; lastKnownFileType = sourcecode.cpp.cpp; path = b2PulleyJoint.cpp; sourceTree = "<group>"; };
		8D0492D8197C1BE4001A697B /* b2PulleyJoint.h */ = {isa = PBXFileReference; fileEncoding = 4; lastKnownFileType = sourcecode.c.h; path = b2PulleyJoint.h; sourceTree = "<group>"; };
		8D0492D9197C1BE4001A697B /* b2RevoluteJoint.cpp */ = {isa = PBXFileReference; fileEncoding = 4; lastKnownFileType = sourcecode.cpp.cpp; path = b2RevoluteJoint.cpp; sourceTree = "<group>"; };
		8D0492DA197C1BE4001A697B /* b2RevoluteJoint.h */ = {isa = PBXFileReference; fileEncoding = 4; lastKnownFileType = sourcecode.c.h; path = b2RevoluteJoint.h; sourceTree = "<group>"; };
		8D0492DB197C1BE4001A697B /* b2RopeJoint.cpp */ = {isa = PBXFileReference; fileEncoding = 4; lastKnownFileType = sourcecode.cpp.cpp; path = b2RopeJoint.cpp; sourceTree = "<group>"; };
		8D0492DC197C1BE4001A697B /* b2RopeJoint.h */ = {isa = PBXFileReference; fileEncoding = 4; lastKnownFileType = sourcecode.c.h; path = b2RopeJoint.h; sourceTree = "<group>"; };
		8D0492DD197C1BE4001A697B /* b2WeldJoint.cpp */ = {isa = PBXFileReference; fileEncoding = 4; lastKnownFileType = sourcecode.cpp.cpp; path = b2WeldJoint.cpp; sourceTree = "<group>"; };
		8D0492DE197C1BE4001A697B /* b2WeldJoint.h */ = {isa = PBXFileReference; fileEncoding = 4; lastKnownFileType = sourcecode.c.h; path = b2WeldJoint.h; sourceTree = "<group>"; };
		8D0492DF197C1BE4001A697B /* b2WheelJoint.cpp */ = {isa = PBXFileReference; fileEncoding = 4; lastKnownFileType = sourcecode.cpp.cpp; path = b2WheelJoint.cpp; sourceTree = "<group>"; };
		8D0492E0197C1BE4001A697B /* b2WheelJoint.h */ = {isa = PBXFileReference; fileEncoding = 4; lastKnownFileType = sourcecode.c.h; path = b2WheelJoint.h; sourceTree = "<group>"; };
		8D0492E2197C1BE4001A697B /* b2Particle.cpp */ = {isa = PBXFileReference; fileEncoding = 4; lastKnownFileType = sourcecode.cpp.cpp; path = b2Particle.cpp; sourceTree = "<group>"; };
		8D0492E3197C1BE4001A697B /* b2Particle.h */ = {isa = PBXFileReference; fileEncoding = 4; lastKnownFileType = sourcecode.c.h; path = b2Particle.h; sourceTree = "<group>"; };
		8D0492E4197C1BE4001A697B /* b2ParticleAssembly.cpp */ = {isa = PBXFileReference; fileEncoding = 4; lastKnownFileType = sourcecode.cpp.cpp; path = b2ParticleAssembly.cpp; sourceTree = "<group>"; };
		8D0492E5197C1BE4001A697B /* b2ParticleAssembly.h */ = {isa = PBXFileReference; fileEncoding = 4; lastKnownFileType = sourcecode.c.h; path = b2ParticleAssembly.h; sourceTree = "<group>"; };
		8D0492E7197C1BE4001A697B /* b2ParticleGroup.cpp */ = {isa = PBXFileReference; fileEncoding = 4; lastKnownFileType = sourcecode.cpp.cpp; path = b2ParticleGroup.cpp; sourceTree = "<group>"; };
		8D0492E8197C1BE4001A697B /* b2ParticleGroup.h */ = {isa = PBXFileReference; fileEncoding = 4; lastKnownFileType = sourcecode.c.h; path = b2ParticleGroup.h; sourceTree = "<group>"; };
		8D0492E9197C1BE4001A697B /* b2ParticleSystem.cpp */ = {isa = PBXFileReference; fileEncoding = 4; lastKnownFileType = sourcecode.cpp.cpp; path = b2ParticleSystem.cpp; sourceTree = "<group>"; };
		8D0492EA197C1BE4001A697B /* b2ParticleSystem.h */ = {isa = PBXFileReference; fileEncoding = 4; lastKnownFileType = sourcecode.c.h; path = b2ParticleSystem.h; sourceTree = "<group>"; };
		8D0492EB197C1BE4001A697B /* b2StackQueue.h */ = {isa = PBXFileReference; fileEncoding = 4; lastKnownFileType = sourcecode.c.h; path = b2StackQueue.h; sourceTree = "<group>"; };
		8D0492EC197C1BE4001A697B /* b2VoronoiDiagram.cpp */ = {isa = PBXFileReference; fileEncoding = 4; lastKnownFileType = sourcecode.cpp.cpp; path = b2VoronoiDiagram.cpp; sourceTree = "<group>"; };
		8D0492ED197C1BE4001A697B /* b2VoronoiDiagram.h */ = {isa = PBXFileReference; fileEncoding = 4; lastKnownFileType = sourcecode.c.h; path = b2VoronoiDiagram.h; sourceTree = "<group>"; };
		8D0492EF197C1BE4001A697B /* b2Rope.cpp */ = {isa = PBXFileReference; fileEncoding = 4; lastKnownFileType = sourcecode.cpp.cpp; path = b2Rope.cpp; sourceTree = "<group>"; };
		8D0492F0197C1BE4001A697B /* b2Rope.h */ = {isa = PBXFileReference; fileEncoding = 4; lastKnownFileType = sourcecode.c.h; path = b2Rope.h; sourceTree = "<group>"; };
		8D0492F1197C1BE4001A697B /* UseBox2D.cmake */ = {isa = PBXFileReference; fileEncoding = 4; lastKnownFileType = text; path = UseBox2D.cmake; sourceTree = "<group>"; };
		8D663DE4188D36920061EB60 /* water.sks */ = {isa = PBXFileReference; lastKnownFileType = file.sks; path = water.sks; sourceTree = "<group>"; };
		8D663DE5188D36920061EB60 /* spark.png */ = {isa = PBXFileReference; lastKnownFileType = image.png; path = spark.png; sourceTree = "<group>"; };
		8D964B02188B7B1E004DFAC5 /* LiquidFunSample.app */ = {isa = PBXFileReference; explicitFileType = wrapper.application; includeInIndex = 0; path = LiquidFunSample.app; sourceTree = BUILT_PRODUCTS_DIR; };
		8D964B05188B7B1E004DFAC5 /* Foundation.framework */ = {isa = PBXFileReference; lastKnownFileType = wrapper.framework; name = Foundation.framework; path = System/Library/Frameworks/Foundation.framework; sourceTree = SDKROOT; };
		8D964B07188B7B1E004DFAC5 /* CoreGraphics.framework */ = {isa = PBXFileReference; lastKnownFileType = wrapper.framework; name = CoreGraphics.framework; path = System/Library/Frameworks/CoreGraphics.framework; sourceTree = SDKROOT; };
		8D964B09188B7B1E004DFAC5 /* UIKit.framework */ = {isa = PBXFileReference; lastKnownFileType = wrapper.framework; name = UIKit.framework; path = System/Library/Frameworks/UIKit.framework; sourceTree = SDKROOT; };
		8D964B0B188B7B1E004DFAC5 /* SpriteKit.framework */ = {isa = PBXFileReference; lastKnownFileType = wrapper.framework; name = SpriteKit.framework; path = System/Library/Frameworks/SpriteKit.framework; sourceTree = SDKROOT; };
		8D964B0F188B7B1E004DFAC5 /* LiquidFunSample-Info.plist */ = {isa = PBXFileReference; lastKnownFileType = text.plist.xml; path = "LiquidFunSample-Info.plist"; sourceTree = "<group>"; };
		8D964B11188B7B1E004DFAC5 /* en */ = {isa = PBXFileReference; lastKnownFileType = text.plist.strings; name = en; path = en.lproj/InfoPlist.strings; sourceTree = "<group>"; };
		8D964B13188B7B1E004DFAC5 /* main.m */ = {isa = PBXFileReference; lastKnownFileType = sourcecode.c.objc; path = main.m; sourceTree = "<group>"; };
		8D964B15188B7B1E004DFAC5 /* LiquidFunSample-Prefix.pch */ = {isa = PBXFileReference; lastKnownFileType = sourcecode.c.h; path = "LiquidFunSample-Prefix.pch"; sourceTree = "<group>"; };
		8D964B16188B7B1E004DFAC5 /* LFSAppDelegate.h */ = {isa = PBXFileReference; lastKnownFileType = sourcecode.c.h; path = LFSAppDelegate.h; sourceTree = "<group>"; };
		8D964B17188B7B1E004DFAC5 /* LFSAppDelegate.m */ = {isa = PBXFileReference; lastKnownFileType = sourcecode.c.objc; path = LFSAppDelegate.m; sourceTree = "<group>"; };
		8D964B1A188B7B1E004DFAC5 /* Base */ = {isa = PBXFileReference; lastKnownFileType = file.storyboard; name = Base; path = Base.lproj/Main_iPhone.storyboard; sourceTree = "<group>"; };
		8D964B1D188B7B1E004DFAC5 /* Base */ = {isa = PBXFileReference; lastKnownFileType = file.storyboard; name = Base; path = Base.lproj/Main_iPad.storyboard; sourceTree = "<group>"; };
		8D964B1F188B7B1E004DFAC5 /* LFSViewController.h */ = {isa = PBXFileReference; lastKnownFileType = sourcecode.c.h; path = LFSViewController.h; sourceTree = "<group>"; };
		8D964B20188B7B1E004DFAC5 /* LFSViewController.m */ = {isa = PBXFileReference; lastKnownFileType = sourcecode.c.objc; path = LFSViewController.m; sourceTree = "<group>"; };
		8D964B22188B7B1E004DFAC5 /* LFSMyScene.h */ = {isa = PBXFileReference; lastKnownFileType = sourcecode.c.h; path = LFSMyScene.h; sourceTree = "<group>"; };
		8D964B23188B7B1E004DFAC5 /* LFSMyScene.mm */ = {isa = PBXFileReference; lastKnownFileType = sourcecode.cpp.objcpp; path = LFSMyScene.mm; sourceTree = "<group>"; };
		8D964B25188B7B1E004DFAC5 /* Spaceship.png */ = {isa = PBXFileReference; lastKnownFileType = image.png; path = Spaceship.png; sourceTree = "<group>"; };
		8D964B27188B7B1E004DFAC5 /* Images.xcassets */ = {isa = PBXFileReference; lastKnownFileType = folder.assetcatalog; path = Images.xcassets; sourceTree = "<group>"; };
		8D964B2D188B7B1E004DFAC5 /* LiquidFunSampleTests.xctest */ = {isa = PBXFileReference; explicitFileType = wrapper.cfbundle; includeInIndex = 0; path = LiquidFunSampleTests.xctest; sourceTree = BUILT_PRODUCTS_DIR; };
		8D964B2E188B7B1E004DFAC5 /* XCTest.framework */ = {isa = PBXFileReference; lastKnownFileType = wrapper.framework; name = XCTest.framework; path = Library/Frameworks/XCTest.framework; sourceTree = DEVELOPER_DIR; };
		8D964B36188B7B1E004DFAC5 /* LiquidFunSampleTests-Info.plist */ = {isa = PBXFileReference; lastKnownFileType = text.plist.xml; path = "LiquidFunSampleTests-Info.plist"; sourceTree = "<group>"; };
		8D964B38188B7B1E004DFAC5 /* en */ = {isa = PBXFileReference; lastKnownFileType = text.plist.strings; name = en; path = en.lproj/InfoPlist.strings; sourceTree = "<group>"; };
		8D964B3A188B7B1E004DFAC5 /* LiquidFunSampleTests.m */ = {isa = PBXFileReference; lastKnownFileType = sourcecode.c.objc; path = LiquidFunSampleTests.m; sourceTree = "<group>"; };
/* End PBXFileReference section */

/* Begin PBXFrameworksBuildPhase section */
		8D964AFF188B7B1E004DFAC5 /* Frameworks */ = {
			isa = PBXFrameworksBuildPhase;
			buildActionMask = 2147483647;
			files = (
				8D964B08188B7B1E004DFAC5 /* CoreGraphics.framework in Frameworks */,
				8D964B0A188B7B1E004DFAC5 /* UIKit.framework in Frameworks */,
				8D964B0C188B7B1E004DFAC5 /* SpriteKit.framework in Frameworks */,
				8D964B06188B7B1E004DFAC5 /* Foundation.framework in Frameworks */,
			);
			runOnlyForDeploymentPostprocessing = 0;
		};
		8D964B2A188B7B1E004DFAC5 /* Frameworks */ = {
			isa = PBXFrameworksBuildPhase;
			buildActionMask = 2147483647;
			files = (
				8D964B2F188B7B1E004DFAC5 /* XCTest.framework in Frameworks */,
				8D964B31188B7B1E004DFAC5 /* UIKit.framework in Frameworks */,
				8D964B30188B7B1E004DFAC5 /* Foundation.framework in Frameworks */,
			);
			runOnlyForDeploymentPostprocessing = 0;
		};
/* End PBXFrameworksBuildPhase section */

/* Begin PBXGroup section */
		8D04922A197C1BE4001A697B /* Box2D */ = {
			isa = PBXGroup;
			children = (
				8D04922B197C1BE4001A697B /* Box2D.h */,
				8D04922C197C1BE4001A697B /* Box2DConfig.cmake.in */,
				8D04922D197C1BE4001A697B /* CMakeLists.txt */,
				8D04922E197C1BE4001A697B /* Collision */,
				8D049246197C1BE4001A697B /* Common */,
				8D04925D197C1BE4001A697B /* Documentation */,
				8D0492A7197C1BE4001A697B /* Dynamics */,
				8D0492E1197C1BE4001A697B /* Particle */,
				8D0492EE197C1BE4001A697B /* Rope */,
				8D0492F1197C1BE4001A697B /* UseBox2D.cmake */,
			);
			name = Box2D;
			path = liquidfun/liquidfun/Box2D/Box2D;
			sourceTree = "<group>";
		};
		8D04922E197C1BE4001A697B /* Collision */ = {
			isa = PBXGroup;
			children = (
				8D04922F197C1BE4001A697B /* b2BroadPhase.cpp */,
				8D049230197C1BE4001A697B /* b2BroadPhase.h */,
				8D049231197C1BE4001A697B /* b2CollideCircle.cpp */,
				8D049232197C1BE4001A697B /* b2CollideEdge.cpp */,
				8D049233197C1BE4001A697B /* b2CollidePolygon.cpp */,
				8D049234197C1BE4001A697B /* b2Collision.cpp */,
				8D049235197C1BE4001A697B /* b2Collision.h */,
				8D049236197C1BE4001A697B /* b2Distance.cpp */,
				8D049237197C1BE4001A697B /* b2Distance.h */,
				8D049238197C1BE4001A697B /* b2DynamicTree.cpp */,
				8D049239197C1BE4001A697B /* b2DynamicTree.h */,
				8D04923A197C1BE4001A697B /* b2TimeOfImpact.cpp */,
				8D04923B197C1BE4001A697B /* b2TimeOfImpact.h */,
				8D04923C197C1BE4001A697B /* Shapes */,
			);
			path = Collision;
			sourceTree = "<group>";
		};
		8D04923C197C1BE4001A697B /* Shapes */ = {
			isa = PBXGroup;
			children = (
				8D04923D197C1BE4001A697B /* b2ChainShape.cpp */,
				8D04923E197C1BE4001A697B /* b2ChainShape.h */,
				8D04923F197C1BE4001A697B /* b2CircleShape.cpp */,
				8D049240197C1BE4001A697B /* b2CircleShape.h */,
				8D049241197C1BE4001A697B /* b2EdgeShape.cpp */,
				8D049242197C1BE4001A697B /* b2EdgeShape.h */,
				8D049243197C1BE4001A697B /* b2PolygonShape.cpp */,
				8D049244197C1BE4001A697B /* b2PolygonShape.h */,
				8D049245197C1BE4001A697B /* b2Shape.h */,
			);
			path = Shapes;
			sourceTree = "<group>";
		};
		8D049246197C1BE4001A697B /* Common */ = {
			isa = PBXGroup;
			children = (
				8D049247197C1BE4001A697B /* b2BlockAllocator.cpp */,
				8D049248197C1BE4001A697B /* b2BlockAllocator.h */,
				8D049249197C1BE4001A697B /* b2Draw.cpp */,
				8D04924A197C1BE4001A697B /* b2Draw.h */,
				8D04924B197C1BE4001A697B /* b2FreeList.cpp */,
				8D04924C197C1BE4001A697B /* b2FreeList.h */,
				8D04924D197C1BE4001A697B /* b2GrowableBuffer.h */,
				8D04924E197C1BE4001A697B /* b2GrowableStack.h */,
				8D04924F197C1BE4001A697B /* b2IntrusiveList.h */,
				8D049250197C1BE4001A697B /* b2Math.cpp */,
				8D049251197C1BE4001A697B /* b2Math.h */,
				8D049252197C1BE4001A697B /* b2Settings.cpp */,
				8D049253197C1BE4001A697B /* b2Settings.h */,
				8D049254197C1BE4001A697B /* b2SlabAllocator.h */,
				8D049255197C1BE4001A697B /* b2StackAllocator.cpp */,
				8D049256197C1BE4001A697B /* b2StackAllocator.h */,
				8D049257197C1BE4001A697B /* b2Stat.cpp */,
				8D049258197C1BE4001A697B /* b2Stat.h */,
				8D049259197C1BE4001A697B /* b2Timer.cpp */,
				8D04925A197C1BE4001A697B /* b2Timer.h */,
				8D04925B197C1BE4001A697B /* b2TrackedBlock.cpp */,
				8D04925C197C1BE4001A697B /* b2TrackedBlock.h */,
			);
			path = Common;
			sourceTree = "<group>";
		};
		8D04925D197C1BE4001A697B /* Documentation */ = {
			isa = PBXGroup;
			children = (
				8D04925E197C1BE4001A697B /* API-Ref */,
				8D049260197C1BE4001A697B /* Building */,
				8D04926A197C1BE4001A697B /* footer.html */,
				8D04926B197C1BE4001A697B /* Programmers-Guide */,
				8D04929C197C1BE4001A697B /* Readme */,
				8D04929F197C1BE4001A697B /* ReleaseNotes */,
				8D0492A2197C1BE4001A697B /* SWIG */,
			);
			path = Documentation;
			sourceTree = "<group>";
		};
		8D04925E197C1BE4001A697B /* API-Ref */ = {
			isa = PBXGroup;
			children = (
				8D04925F197C1BE4001A697B /* doxyfile */,
			);
			path = "API-Ref";
			sourceTree = "<group>";
		};
		8D049260197C1BE4001A697B /* Building */ = {
			isa = PBXGroup;
			children = (
				8D049261197C1BE4001A697B /* Building.md */,
				8D049262197C1BE4001A697B /* BuildingAndroid.md */,
				8D049263197C1BE4001A697B /* BuildingiOS.md */,
				8D049264197C1BE4001A697B /* BuildingJavaScript.md */,
				8D049265197C1BE4001A697B /* BuildingLinux.md */,
				8D049266197C1BE4001A697B /* BuildingOSX.md */,
				8D049267197C1BE4001A697B /* BuildingWindows.md */,
				8D049268197C1BE4001A697B /* doxyfile */,
				8D049269197C1BE4001A697B /* PortingFromBox2D.md */,
			);
			path = Building;
			sourceTree = "<group>";
		};
		8D04926B197C1BE4001A697B /* Programmers-Guide */ = {
			isa = PBXGroup;
			children = (
				8D04926C197C1BE4001A697B /* Chapter01_Introduction.md */,
				8D04926D197C1BE4001A697B /* Chapter02_Hello_Box2D.md */,
				8D04926E197C1BE4001A697B /* Chapter03_Common.md */,
				8D04926F197C1BE4001A697B /* Chapter04_Collision_Module.md */,
				8D049270197C1BE4001A697B /* Chapter05_Dynamics_Module.md */,
				8D049271197C1BE4001A697B /* Chapter06_Bodies.md */,
				8D049272197C1BE4001A697B /* Chapter07_Fixtures.md */,
				8D049273197C1BE4001A697B /* Chapter08_Joints.md */,
				8D049274197C1BE4001A697B /* Chapter09_Contacts.md */,
				8D049275197C1BE4001A697B /* Chapter10_World.md */,
				8D049276197C1BE4001A697B /* Chapter11_Particles.md */,
				8D049277197C1BE4001A697B /* Chapter12_Loose_Ends.md */,
				8D049278197C1BE4001A697B /* Chapter13_Debug_Drawing.md */,
				8D049279197C1BE4001A697B /* Chapter14_Limitations.md */,
				8D04927A197C1BE4001A697B /* Chapter15_References.md */,
				8D04927B197C1BE4001A697B /* ContentLicense.md */,
				8D04927C197C1BE4001A697B /* doxyfile */,
				8D04927D197C1BE4001A697B /* image_0.png */,
				8D04927E197C1BE4001A697B /* image_1.png */,
				8D04927F197C1BE4001A697B /* image_10.png */,
				8D049280197C1BE4001A697B /* image_11.png */,
				8D049281197C1BE4001A697B /* image_12.png */,
				8D049282197C1BE4001A697B /* image_13.png */,
				8D049283197C1BE4001A697B /* image_14.png */,
				8D049284197C1BE4001A697B /* image_15.png */,
				8D049285197C1BE4001A697B /* image_16.png */,
				8D049286197C1BE4001A697B /* image_17.png */,
				8D049287197C1BE4001A697B /* image_18.gif */,
				8D049288197C1BE4001A697B /* image_19.gif */,
				8D049289197C1BE4001A697B /* image_2.gif */,
				8D04928A197C1BE4001A697B /* image_20.gif */,
				8D04928B197C1BE4001A697B /* image_21.gif */,
				8D04928C197C1BE4001A697B /* image_22.gif */,
				8D04928D197C1BE4001A697B /* image_23.png */,
				8D04928E197C1BE4001A697B /* image_24.png */,
				8D04928F197C1BE4001A697B /* image_3.gif */,
				8D049290197C1BE4001A697B /* image_4.png */,
				8D049291197C1BE4001A697B /* image_5.png */,
				8D049292197C1BE4001A697B /* image_6.png */,
				8D049293197C1BE4001A697B /* image_7.png */,
				8D049294197C1BE4001A697B /* image_8.png */,
				8D049295197C1BE4001A697B /* image_9.png */,
				8D049296197C1BE4001A697B /* liquidfun-logo-horizontal-small.png */,
				8D049297197C1BE4001A697B /* liquidfun-logo-small.png */,
				8D049298197C1BE4001A697B /* liquidfun-logo-square-small.png */,
				8D049299197C1BE4001A697B /* liquidfun-logo.ai */,
				8D04929A197C1BE4001A697B /* liquidfun-logo.png */,
				8D04929B197C1BE4001A697B /* Logo.md */,
			);
			path = "Programmers-Guide";
			sourceTree = "<group>";
		};
		8D04929C197C1BE4001A697B /* Readme */ = {
			isa = PBXGroup;
			children = (
				8D04929D197C1BE4001A697B /* doxyfile */,
				8D04929E197C1BE4001A697B /* jquery.js */,
			);
			path = Readme;
			sourceTree = "<group>";
		};
		8D04929F197C1BE4001A697B /* ReleaseNotes */ = {
			isa = PBXGroup;
			children = (
				8D0492A0197C1BE4001A697B /* doxyfile */,
				8D0492A1197C1BE4001A697B /* jquery.js */,
			);
			path = ReleaseNotes;
			sourceTree = "<group>";
		};
		8D0492A2197C1BE4001A697B /* SWIG */ = {
			isa = PBXGroup;
			children = (
				8D0492A3197C1BE4001A697B /* doxyfile */,
				8D0492A4197C1BE4001A697B /* GettingStarted.md */,
				8D0492A5197C1BE4001A697B /* jquery.js */,
				8D0492A6197C1BE4001A697B /* liquidfunpaint.jpg */,
			);
			path = SWIG;
			sourceTree = "<group>";
		};
		8D0492A7197C1BE4001A697B /* Dynamics */ = {
			isa = PBXGroup;
			children = (
				8D0492A8197C1BE4001A697B /* b2Body.cpp */,
				8D0492A9197C1BE4001A697B /* b2Body.h */,
				8D0492AA197C1BE4001A697B /* b2ContactManager.cpp */,
				8D0492AB197C1BE4001A697B /* b2ContactManager.h */,
				8D0492AC197C1BE4001A697B /* b2Fixture.cpp */,
				8D0492AD197C1BE4001A697B /* b2Fixture.h */,
				8D0492AE197C1BE4001A697B /* b2Island.cpp */,
				8D0492AF197C1BE4001A697B /* b2Island.h */,
				8D0492B0197C1BE4001A697B /* b2TimeStep.h */,
				8D0492B1197C1BE4001A697B /* b2World.cpp */,
				8D0492B2197C1BE4001A697B /* b2World.h */,
				8D0492B3197C1BE4001A697B /* b2WorldCallbacks.cpp */,
				8D0492B4197C1BE4001A697B /* b2WorldCallbacks.h */,
				8D0492B5197C1BE4001A697B /* Contacts */,
				8D0492C8197C1BE4001A697B /* Joints */,
			);
			path = Dynamics;
			sourceTree = "<group>";
		};
		8D0492B5197C1BE4001A697B /* Contacts */ = {
			isa = PBXGroup;
			children = (
				8D0492B6197C1BE4001A697B /* b2ChainAndCircleContact.cpp */,
				8D0492B7197C1BE4001A697B /* b2ChainAndCircleContact.h */,
				8D0492B8197C1BE4001A697B /* b2ChainAndPolygonContact.cpp */,
				8D0492B9197C1BE4001A697B /* b2ChainAndPolygonContact.h */,
				8D0492BA197C1BE4001A697B /* b2CircleContact.cpp */,
				8D0492BB197C1BE4001A697B /* b2CircleContact.h */,
				8D0492BC197C1BE4001A697B /* b2Contact.cpp */,
				8D0492BD197C1BE4001A697B /* b2Contact.h */,
				8D0492BE197C1BE4001A697B /* b2ContactSolver.cpp */,
				8D0492BF197C1BE4001A697B /* b2ContactSolver.h */,
				8D0492C0197C1BE4001A697B /* b2EdgeAndCircleContact.cpp */,
				8D0492C1197C1BE4001A697B /* b2EdgeAndCircleContact.h */,
				8D0492C2197C1BE4001A697B /* b2EdgeAndPolygonContact.cpp */,
				8D0492C3197C1BE4001A697B /* b2EdgeAndPolygonContact.h */,
				8D0492C4197C1BE4001A697B /* b2PolygonAndCircleContact.cpp */,
				8D0492C5197C1BE4001A697B /* b2PolygonAndCircleContact.h */,
				8D0492C6197C1BE4001A697B /* b2PolygonContact.cpp */,
				8D0492C7197C1BE4001A697B /* b2PolygonContact.h */,
			);
			path = Contacts;
			sourceTree = "<group>";
		};
		8D0492C8197C1BE4001A697B /* Joints */ = {
			isa = PBXGroup;
			children = (
				8D0492C9197C1BE4001A697B /* b2DistanceJoint.cpp */,
				8D0492CA197C1BE4001A697B /* b2DistanceJoint.h */,
				8D0492CB197C1BE4001A697B /* b2FrictionJoint.cpp */,
				8D0492CC197C1BE4001A697B /* b2FrictionJoint.h */,
				8D0492CD197C1BE4001A697B /* b2GearJoint.cpp */,
				8D0492CE197C1BE4001A697B /* b2GearJoint.h */,
				8D0492CF197C1BE4001A697B /* b2Joint.cpp */,
				8D0492D0197C1BE4001A697B /* b2Joint.h */,
				8D0492D1197C1BE4001A697B /* b2MotorJoint.cpp */,
				8D0492D2197C1BE4001A697B /* b2MotorJoint.h */,
				8D0492D3197C1BE4001A697B /* b2MouseJoint.cpp */,
				8D0492D4197C1BE4001A697B /* b2MouseJoint.h */,
				8D0492D5197C1BE4001A697B /* b2PrismaticJoint.cpp */,
				8D0492D6197C1BE4001A697B /* b2PrismaticJoint.h */,
				8D0492D7197C1BE4001A697B /* b2PulleyJoint.cpp */,
				8D0492D8197C1BE4001A697B /* b2PulleyJoint.h */,
				8D0492D9197C1BE4001A697B /* b2RevoluteJoint.cpp */,
				8D0492DA197C1BE4001A697B /* b2RevoluteJoint.h */,
				8D0492DB197C1BE4001A697B /* b2RopeJoint.cpp */,
				8D0492DC197C1BE4001A697B /* b2RopeJoint.h */,
				8D0492DD197C1BE4001A697B /* b2WeldJoint.cpp */,
				8D0492DE197C1BE4001A697B /* b2WeldJoint.h */,
				8D0492DF197C1BE4001A697B /* b2WheelJoint.cpp */,
				8D0492E0197C1BE4001A697B /* b2WheelJoint.h */,
			);
			path = Joints;
			sourceTree = "<group>";
		};
		8D0492E1197C1BE4001A697B /* Particle */ = {
			isa = PBXGroup;
			children = (
				8D0492E2197C1BE4001A697B /* b2Particle.cpp */,
				8D0492E3197C1BE4001A697B /* b2Particle.h */,
				8D0492E4197C1BE4001A697B /* b2ParticleAssembly.cpp */,
				8D0492E5197C1BE4001A697B /* b2ParticleAssembly.h */,
				8D0492E7197C1BE4001A697B /* b2ParticleGroup.cpp */,
				8D0492E8197C1BE4001A697B /* b2ParticleGroup.h */,
				8D0492E9197C1BE4001A697B /* b2ParticleSystem.cpp */,
				8D0492EA197C1BE4001A697B /* b2ParticleSystem.h */,
				8D0492EB197C1BE4001A697B /* b2StackQueue.h */,
				8D0492EC197C1BE4001A697B /* b2VoronoiDiagram.cpp */,
				8D0492ED197C1BE4001A697B /* b2VoronoiDiagram.h */,
			);
			path = Particle;
			sourceTree = "<group>";
		};
		8D0492EE197C1BE4001A697B /* Rope */ = {
			isa = PBXGroup;
			children = (
				8D0492EF197C1BE4001A697B /* b2Rope.cpp */,
				8D0492F0197C1BE4001A697B /* b2Rope.h */,
			);
			path = Rope;
			sourceTree = "<group>";
		};
		8D964AF9188B7B1E004DFAC5 = {
			isa = PBXGroup;
			children = (
				8D04922A197C1BE4001A697B /* Box2D */,
				8D964B0D188B7B1E004DFAC5 /* LiquidFunSample */,
				8D964B34188B7B1E004DFAC5 /* LiquidFunSampleTests */,
				8D964B04188B7B1E004DFAC5 /* Frameworks */,
				8D964B03188B7B1E004DFAC5 /* Products */,
			);
			sourceTree = "<group>";
		};
		8D964B03188B7B1E004DFAC5 /* Products */ = {
			isa = PBXGroup;
			children = (
				8D964B02188B7B1E004DFAC5 /* LiquidFunSample.app */,
				8D964B2D188B7B1E004DFAC5 /* LiquidFunSampleTests.xctest */,
			);
			name = Products;
			sourceTree = "<group>";
		};
		8D964B04188B7B1E004DFAC5 /* Frameworks */ = {
			isa = PBXGroup;
			children = (
				8D964B05188B7B1E004DFAC5 /* Foundation.framework */,
				8D964B07188B7B1E004DFAC5 /* CoreGraphics.framework */,
				8D964B09188B7B1E004DFAC5 /* UIKit.framework */,
				8D964B0B188B7B1E004DFAC5 /* SpriteKit.framework */,
				8D964B2E188B7B1E004DFAC5 /* XCTest.framework */,
			);
			name = Frameworks;
			sourceTree = "<group>";
		};
		8D964B0D188B7B1E004DFAC5 /* LiquidFunSample */ = {
			isa = PBXGroup;
			children = (
				8D964B16188B7B1E004DFAC5 /* LFSAppDelegate.h */,
				8D964B17188B7B1E004DFAC5 /* LFSAppDelegate.m */,
				8D964B19188B7B1E004DFAC5 /* Main_iPhone.storyboard */,
				8D964B1C188B7B1E004DFAC5 /* Main_iPad.storyboard */,
				8D964B1F188B7B1E004DFAC5 /* LFSViewController.h */,
				8D964B20188B7B1E004DFAC5 /* LFSViewController.m */,
				8D964B22188B7B1E004DFAC5 /* LFSMyScene.h */,
				8D964B23188B7B1E004DFAC5 /* LFSMyScene.mm */,
				8D663DE4188D36920061EB60 /* water.sks */,
				8D663DE5188D36920061EB60 /* spark.png */,
				8D964B25188B7B1E004DFAC5 /* Spaceship.png */,
				8D964B27188B7B1E004DFAC5 /* Images.xcassets */,
				8D964B0E188B7B1E004DFAC5 /* Supporting Files */,
			);
			path = LiquidFunSample;
			sourceTree = "<group>";
		};
		8D964B0E188B7B1E004DFAC5 /* Supporting Files */ = {
			isa = PBXGroup;
			children = (
				8D964B0F188B7B1E004DFAC5 /* LiquidFunSample-Info.plist */,
				8D964B10188B7B1E004DFAC5 /* InfoPlist.strings */,
				8D964B13188B7B1E004DFAC5 /* main.m */,
				8D964B15188B7B1E004DFAC5 /* LiquidFunSample-Prefix.pch */,
			);
			name = "Supporting Files";
			sourceTree = "<group>";
		};
		8D964B34188B7B1E004DFAC5 /* LiquidFunSampleTests */ = {
			isa = PBXGroup;
			children = (
				8D964B3A188B7B1E004DFAC5 /* LiquidFunSampleTests.m */,
				8D964B35188B7B1E004DFAC5 /* Supporting Files */,
			);
			path = LiquidFunSampleTests;
			sourceTree = "<group>";
		};
		8D964B35188B7B1E004DFAC5 /* Supporting Files */ = {
			isa = PBXGroup;
			children = (
				8D964B36188B7B1E004DFAC5 /* LiquidFunSampleTests-Info.plist */,
				8D964B37188B7B1E004DFAC5 /* InfoPlist.strings */,
			);
			name = "Supporting Files";
			sourceTree = "<group>";
		};
/* End PBXGroup section */

/* Begin PBXNativeTarget section */
		8D964B01188B7B1E004DFAC5 /* LiquidFunSample */ = {
			isa = PBXNativeTarget;
			buildConfigurationList = 8D964B3E188B7B1E004DFAC5 /* Build configuration list for PBXNativeTarget "LiquidFunSample" */;
			buildPhases = (
				8D964AFE188B7B1E004DFAC5 /* Sources */,
				8D964AFF188B7B1E004DFAC5 /* Frameworks */,
				8D964B00188B7B1E004DFAC5 /* Resources */,
			);
			buildRules = (
			);
			dependencies = (
			);
			name = LiquidFunSample;
			productName = LiquidFunSample;
			productReference = 8D964B02188B7B1E004DFAC5 /* LiquidFunSample.app */;
			productType = "com.apple.product-type.application";
		};
		8D964B2C188B7B1E004DFAC5 /* LiquidFunSampleTests */ = {
			isa = PBXNativeTarget;
			buildConfigurationList = 8D964B41188B7B1E004DFAC5 /* Build configuration list for PBXNativeTarget "LiquidFunSampleTests" */;
			buildPhases = (
				8D964B29188B7B1E004DFAC5 /* Sources */,
				8D964B2A188B7B1E004DFAC5 /* Frameworks */,
				8D964B2B188B7B1E004DFAC5 /* Resources */,
			);
			buildRules = (
			);
			dependencies = (
				8D964B33188B7B1E004DFAC5 /* PBXTargetDependency */,
			);
			name = LiquidFunSampleTests;
			productName = LiquidFunSampleTests;
			productReference = 8D964B2D188B7B1E004DFAC5 /* LiquidFunSampleTests.xctest */;
			productType = "com.apple.product-type.bundle.unit-test";
		};
/* End PBXNativeTarget section */

/* Begin PBXProject section */
		8D964AFA188B7B1E004DFAC5 /* Project object */ = {
			isa = PBXProject;
			attributes = {
				CLASSPREFIX = LFS;
				LastUpgradeCheck = 0500;
				ORGANIZATIONNAME = "Safx Developers";
				TargetAttributes = {
					8D964B2C188B7B1E004DFAC5 = {
						TestTargetID = 8D964B01188B7B1E004DFAC5;
					};
				};
			};
			buildConfigurationList = 8D964AFD188B7B1E004DFAC5 /* Build configuration list for PBXProject "LiquidFunSample" */;
			compatibilityVersion = "Xcode 3.2";
			developmentRegion = English;
			hasScannedForEncodings = 0;
			knownRegions = (
				en,
				Base,
			);
			mainGroup = 8D964AF9188B7B1E004DFAC5;
			productRefGroup = 8D964B03188B7B1E004DFAC5 /* Products */;
			projectDirPath = "";
			projectRoot = "";
			targets = (
				8D964B01188B7B1E004DFAC5 /* LiquidFunSample */,
				8D964B2C188B7B1E004DFAC5 /* LiquidFunSampleTests */,
			);
		};
/* End PBXProject section */

/* Begin PBXResourcesBuildPhase section */
		8D964B00188B7B1E004DFAC5 /* Resources */ = {
			isa = PBXResourcesBuildPhase;
			buildActionMask = 2147483647;
			files = (
				8D04933F197C1BE4001A697B /* liquidfun-logo-small.png in Resources */,
				8D049335197C1BE4001A697B /* image_23.png in Resources */,
				8D04933D197C1BE4001A697B /* image_9.png in Resources */,
				8D049329197C1BE4001A697B /* image_12.png in Resources */,
				8D04931D197C1BE4001A697B /* Chapter10_World.md in Resources */,
				8D049324197C1BE4001A697B /* doxyfile in Resources */,
				8D049327197C1BE4001A697B /* image_10.png in Resources */,
				8D049339197C1BE4001A697B /* image_5.png in Resources */,
				8D049314197C1BE4001A697B /* Chapter01_Introduction.md in Resources */,
				8D049334197C1BE4001A697B /* image_22.gif in Resources */,
				8D049333197C1BE4001A697B /* image_21.gif in Resources */,
				8D049323197C1BE4001A697B /* ContentLicense.md in Resources */,
				8D04930B197C1BE4001A697B /* BuildingAndroid.md in Resources */,
				8D049348197C1BE4001A697B /* doxyfile in Resources */,
				8D04930A197C1BE4001A697B /* Building.md in Resources */,
				8D04932D197C1BE4001A697B /* image_16.png in Resources */,
				8D049330197C1BE4001A697B /* image_19.gif in Resources */,
				8D049311197C1BE4001A697B /* doxyfile in Resources */,
				8D663DE7188D36920061EB60 /* spark.png in Resources */,
				8D04932F197C1BE4001A697B /* image_18.gif in Resources */,
				8D04931A197C1BE4001A697B /* Chapter07_Fixtures.md in Resources */,
				8D049342197C1BE4001A697B /* liquidfun-logo.png in Resources */,
				8D049312197C1BE4001A697B /* PortingFromBox2D.md in Resources */,
				8D049310197C1BE4001A697B /* BuildingWindows.md in Resources */,
				8D049317197C1BE4001A697B /* Chapter04_Collision_Module.md in Resources */,
				8D04936E197C1BE4001A697B /* UseBox2D.cmake in Resources */,
				8D049338197C1BE4001A697B /* image_4.png in Resources */,
				8D04931F197C1BE4001A697B /* Chapter12_Loose_Ends.md in Resources */,
				8D04932E197C1BE4001A697B /* image_17.png in Resources */,
				8D964B26188B7B1E004DFAC5 /* Spaceship.png in Resources */,
				8D964B28188B7B1E004DFAC5 /* Images.xcassets in Resources */,
				8D04931C197C1BE4001A697B /* Chapter09_Contacts.md in Resources */,
				8D04934B197C1BE4001A697B /* liquidfunpaint.jpg in Resources */,
				8D049325197C1BE4001A697B /* image_0.png in Resources */,
				8D04932A197C1BE4001A697B /* image_13.png in Resources */,
				8D04931B197C1BE4001A697B /* Chapter08_Joints.md in Resources */,
				8D049322197C1BE4001A697B /* Chapter15_References.md in Resources */,
				8D049346197C1BE4001A697B /* doxyfile in Resources */,
				8D04931E197C1BE4001A697B /* Chapter11_Particles.md in Resources */,
				8D049320197C1BE4001A697B /* Chapter13_Debug_Drawing.md in Resources */,
				8D04930F197C1BE4001A697B /* BuildingOSX.md in Resources */,
				8D049336197C1BE4001A697B /* image_24.png in Resources */,
				8D04930D197C1BE4001A697B /* BuildingJavaScript.md in Resources */,
				8D049341197C1BE4001A697B /* liquidfun-logo.ai in Resources */,
				8D964B1E188B7B1E004DFAC5 /* Main_iPad.storyboard in Resources */,
				8D049331197C1BE4001A697B /* image_2.gif in Resources */,
				8D049340197C1BE4001A697B /* liquidfun-logo-square-small.png in Resources */,
				8D04933E197C1BE4001A697B /* liquidfun-logo-horizontal-small.png in Resources */,
				8D04932C197C1BE4001A697B /* image_15.png in Resources */,
				8D04933C197C1BE4001A697B /* image_8.png in Resources */,
				8D049309197C1BE4001A697B /* doxyfile in Resources */,
				8D049349197C1BE4001A697B /* GettingStarted.md in Resources */,
				8D049343197C1BE4001A697B /* Logo.md in Resources */,
				8D964B1B188B7B1E004DFAC5 /* Main_iPhone.storyboard in Resources */,
				8D049332197C1BE4001A697B /* image_20.gif in Resources */,
				8D0492F2197C1BE4001A697B /* Box2DConfig.cmake.in in Resources */,
				8D04932B197C1BE4001A697B /* image_14.png in Resources */,
				8D049319197C1BE4001A697B /* Chapter06_Bodies.md in Resources */,
				8D04933A197C1BE4001A697B /* image_6.png in Resources */,
				8D049315197C1BE4001A697B /* Chapter02_Hello_Box2D.md in Resources */,
				8D049326197C1BE4001A697B /* image_1.png in Resources */,
				8D049344197C1BE4001A697B /* doxyfile in Resources */,
				8D04930C197C1BE4001A697B /* BuildingiOS.md in Resources */,
				8D049316197C1BE4001A697B /* Chapter03_Common.md in Resources */,
				8D663DE6188D36920061EB60 /* water.sks in Resources */,
				8D964B12188B7B1E004DFAC5 /* InfoPlist.strings in Resources */,
				8D049318197C1BE4001A697B /* Chapter05_Dynamics_Module.md in Resources */,
				8D049313197C1BE4001A697B /* footer.html in Resources */,
				8D049321197C1BE4001A697B /* Chapter14_Limitations.md in Resources */,
				8D049337197C1BE4001A697B /* image_3.gif in Resources */,
				8D04930E197C1BE4001A697B /* BuildingLinux.md in Resources */,
				8D0492F3197C1BE4001A697B /* CMakeLists.txt in Resources */,
				8D049328197C1BE4001A697B /* image_11.png in Resources */,
				8D04933B197C1BE4001A697B /* image_7.png in Resources */,
			);
			runOnlyForDeploymentPostprocessing = 0;
		};
		8D964B2B188B7B1E004DFAC5 /* Resources */ = {
			isa = PBXResourcesBuildPhase;
			buildActionMask = 2147483647;
			files = (
				8D964B39188B7B1E004DFAC5 /* InfoPlist.strings in Resources */,
			);
			runOnlyForDeploymentPostprocessing = 0;
		};
/* End PBXResourcesBuildPhase section */

/* Begin PBXSourcesBuildPhase section */
		8D964AFE188B7B1E004DFAC5 /* Sources */ = {
			isa = PBXSourcesBuildPhase;
			buildActionMask = 2147483647;
			files = (
				8D0492FF197C1BE4001A697B /* b2PolygonShape.cpp in Sources */,
				8D0492F5197C1BE4001A697B /* b2CollideCircle.cpp in Sources */,
				8D04935A197C1BE4001A697B /* b2PolygonContact.cpp in Sources */,
				8D964B24188B7B1E004DFAC5 /* LFSMyScene.mm in Sources */,
				8D0492F9197C1BE4001A697B /* b2Distance.cpp in Sources */,
				8D049361197C1BE4001A697B /* b2PrismaticJoint.cpp in Sources */,
				8D0492FC197C1BE4001A697B /* b2ChainShape.cpp in Sources */,
				8D049357197C1BE4001A697B /* b2EdgeAndCircleContact.cpp in Sources */,
				8D049303197C1BE4001A697B /* b2Math.cpp in Sources */,
				8D049347197C1BE4001A697B /* jquery.js in Sources */,
				8D049364197C1BE4001A697B /* b2RopeJoint.cpp in Sources */,
				8D0492F6197C1BE4001A697B /* b2CollideEdge.cpp in Sources */,
				8D049308197C1BE4001A697B /* b2TrackedBlock.cpp in Sources */,
				8D049360197C1BE4001A697B /* b2MouseJoint.cpp in Sources */,
				8D049352197C1BE4001A697B /* b2ChainAndCircleContact.cpp in Sources */,
				8D049367197C1BE4001A697B /* b2Particle.cpp in Sources */,
				8D0492FA197C1BE4001A697B /* b2DynamicTree.cpp in Sources */,
				8D049306197C1BE4001A697B /* b2Stat.cpp in Sources */,
				8D0492F8197C1BE4001A697B /* b2Collision.cpp in Sources */,
				8D04935B197C1BE4001A697B /* b2DistanceJoint.cpp in Sources */,
				8D049368197C1BE4001A697B /* b2ParticleAssembly.cpp in Sources */,
				8D04934F197C1BE4001A697B /* b2Island.cpp in Sources */,
				8D04934A197C1BE4001A697B /* jquery.js in Sources */,
				8D049354197C1BE4001A697B /* b2CircleContact.cpp in Sources */,
				8D049353197C1BE4001A697B /* b2ChainAndPolygonContact.cpp in Sources */,
				8D049350197C1BE4001A697B /* b2World.cpp in Sources */,
				8D049355197C1BE4001A697B /* b2Contact.cpp in Sources */,
				8D0492F4197C1BE4001A697B /* b2BroadPhase.cpp in Sources */,
				8D964B21188B7B1E004DFAC5 /* LFSViewController.m in Sources */,
				8D04936A197C1BE4001A697B /* b2ParticleGroup.cpp in Sources */,
				8D04936C197C1BE4001A697B /* b2VoronoiDiagram.cpp in Sources */,
				8D04934C197C1BE4001A697B /* b2Body.cpp in Sources */,
				8D0492F7197C1BE4001A697B /* b2CollidePolygon.cpp in Sources */,
				8D0492FB197C1BE4001A697B /* b2TimeOfImpact.cpp in Sources */,
				8D0492FD197C1BE4001A697B /* b2CircleShape.cpp in Sources */,
				8D964B18188B7B1E004DFAC5 /* LFSAppDelegate.m in Sources */,
				8D04936D197C1BE4001A697B /* b2Rope.cpp in Sources */,
				8D04934E197C1BE4001A697B /* b2Fixture.cpp in Sources */,
				8D964B14188B7B1E004DFAC5 /* main.m in Sources */,
				8D049307197C1BE4001A697B /* b2Timer.cpp in Sources */,
				8D049358197C1BE4001A697B /* b2EdgeAndPolygonContact.cpp in Sources */,
				8D049351197C1BE4001A697B /* b2WorldCallbacks.cpp in Sources */,
				8D04935C197C1BE4001A697B /* b2FrictionJoint.cpp in Sources */,
				8D049302197C1BE4001A697B /* b2FreeList.cpp in Sources */,
				8D049345197C1BE4001A697B /* jquery.js in Sources */,
				8D049304197C1BE4001A697B /* b2Settings.cpp in Sources */,
				8D049359197C1BE4001A697B /* b2PolygonAndCircleContact.cpp in Sources */,
				8D049365197C1BE4001A697B /* b2WeldJoint.cpp in Sources */,
				8D04935E197C1BE4001A697B /* b2Joint.cpp in Sources */,
				8D049305197C1BE4001A697B /* b2StackAllocator.cpp in Sources */,
				8D049301197C1BE4001A697B /* b2Draw.cpp in Sources */,
				8D04936B197C1BE4001A697B /* b2ParticleSystem.cpp in Sources */,
				8D04935F197C1BE4001A697B /* b2MotorJoint.cpp in Sources */,
				8D049300197C1BE4001A697B /* b2BlockAllocator.cpp in Sources */,
				8D049363197C1BE4001A697B /* b2RevoluteJoint.cpp in Sources */,
				8D04934D197C1BE4001A697B /* b2ContactManager.cpp in Sources */,
				8D049356197C1BE4001A697B /* b2ContactSolver.cpp in Sources */,
				8D0492FE197C1BE4001A697B /* b2EdgeShape.cpp in Sources */,
				8D04935D197C1BE4001A697B /* b2GearJoint.cpp in Sources */,
				8D049366197C1BE4001A697B /* b2WheelJoint.cpp in Sources */,
				8D049362197C1BE4001A697B /* b2PulleyJoint.cpp in Sources */,
			);
			runOnlyForDeploymentPostprocessing = 0;
		};
		8D964B29188B7B1E004DFAC5 /* Sources */ = {
			isa = PBXSourcesBuildPhase;
			buildActionMask = 2147483647;
			files = (
				8D964B3B188B7B1E004DFAC5 /* LiquidFunSampleTests.m in Sources */,
			);
			runOnlyForDeploymentPostprocessing = 0;
		};
/* End PBXSourcesBuildPhase section */

/* Begin PBXTargetDependency section */
		8D964B33188B7B1E004DFAC5 /* PBXTargetDependency */ = {
			isa = PBXTargetDependency;
			target = 8D964B01188B7B1E004DFAC5 /* LiquidFunSample */;
			targetProxy = 8D964B32188B7B1E004DFAC5 /* PBXContainerItemProxy */;
		};
/* End PBXTargetDependency section */

/* Begin PBXVariantGroup section */
		8D964B10188B7B1E004DFAC5 /* InfoPlist.strings */ = {
			isa = PBXVariantGroup;
			children = (
				8D964B11188B7B1E004DFAC5 /* en */,
			);
			name = InfoPlist.strings;
			sourceTree = "<group>";
		};
		8D964B19188B7B1E004DFAC5 /* Main_iPhone.storyboard */ = {
			isa = PBXVariantGroup;
			children = (
				8D964B1A188B7B1E004DFAC5 /* Base */,
			);
			name = Main_iPhone.storyboard;
			sourceTree = "<group>";
		};
		8D964B1C188B7B1E004DFAC5 /* Main_iPad.storyboard */ = {
			isa = PBXVariantGroup;
			children = (
				8D964B1D188B7B1E004DFAC5 /* Base */,
			);
			name = Main_iPad.storyboard;
			sourceTree = "<group>";
		};
		8D964B37188B7B1E004DFAC5 /* InfoPlist.strings */ = {
			isa = PBXVariantGroup;
			children = (
				8D964B38188B7B1E004DFAC5 /* en */,
			);
			name = InfoPlist.strings;
			sourceTree = "<group>";
		};
/* End PBXVariantGroup section */

/* Begin XCBuildConfiguration section */
		8D964B3C188B7B1E004DFAC5 /* Debug */ = {
			isa = XCBuildConfiguration;
			buildSettings = {
				ALWAYS_SEARCH_USER_PATHS = NO;
				ARCHS = "$(ARCHS_STANDARD_INCLUDING_64_BIT)";
				CLANG_CXX_LANGUAGE_STANDARD = "gnu++0x";
				CLANG_CXX_LIBRARY = "libc++";
				CLANG_ENABLE_MODULES = YES;
				CLANG_ENABLE_OBJC_ARC = YES;
				CLANG_WARN_BOOL_CONVERSION = YES;
				CLANG_WARN_CONSTANT_CONVERSION = YES;
				CLANG_WARN_DIRECT_OBJC_ISA_USAGE = YES_ERROR;
				CLANG_WARN_EMPTY_BODY = YES;
				CLANG_WARN_ENUM_CONVERSION = YES;
				CLANG_WARN_INT_CONVERSION = YES;
				CLANG_WARN_OBJC_ROOT_CLASS = YES_ERROR;
				CLANG_WARN__DUPLICATE_METHOD_MATCH = YES;
				"CODE_SIGN_IDENTITY[sdk=iphoneos*]" = "iPhone Developer";
				COPY_PHASE_STRIP = NO;
				GCC_C_LANGUAGE_STANDARD = gnu99;
				GCC_DYNAMIC_NO_PIC = NO;
				GCC_OPTIMIZATION_LEVEL = 0;
				GCC_PREPROCESSOR_DEFINITIONS = (
					"DEBUG=1",
					"$(inherited)",
				);
				GCC_SYMBOLS_PRIVATE_EXTERN = NO;
				GCC_WARN_64_TO_32_BIT_CONVERSION = YES;
				GCC_WARN_ABOUT_RETURN_TYPE = YES_ERROR;
				GCC_WARN_UNDECLARED_SELECTOR = YES;
				GCC_WARN_UNINITIALIZED_AUTOS = YES;
				GCC_WARN_UNUSED_FUNCTION = YES;
				GCC_WARN_UNUSED_VARIABLE = YES;
				HEADER_SEARCH_PATHS = (
					"$(inherited)",
					/Applications/Xcode.app/Contents/Developer/Toolchains/XcodeDefault.xctoolchain/usr/include,
					"$(PROJECT_DIR)/liquidfun/liquidfun/Box2D",
				);
				IPHONEOS_DEPLOYMENT_TARGET = 7.0;
				ONLY_ACTIVE_ARCH = YES;
				SDKROOT = iphoneos;
				TARGETED_DEVICE_FAMILY = "1,2";
			};
			name = Debug;
		};
		8D964B3D188B7B1E004DFAC5 /* Release */ = {
			isa = XCBuildConfiguration;
			buildSettings = {
				ALWAYS_SEARCH_USER_PATHS = NO;
				ARCHS = "$(ARCHS_STANDARD_INCLUDING_64_BIT)";
				CLANG_CXX_LANGUAGE_STANDARD = "gnu++0x";
				CLANG_CXX_LIBRARY = "libc++";
				CLANG_ENABLE_MODULES = YES;
				CLANG_ENABLE_OBJC_ARC = YES;
				CLANG_WARN_BOOL_CONVERSION = YES;
				CLANG_WARN_CONSTANT_CONVERSION = YES;
				CLANG_WARN_DIRECT_OBJC_ISA_USAGE = YES_ERROR;
				CLANG_WARN_EMPTY_BODY = YES;
				CLANG_WARN_ENUM_CONVERSION = YES;
				CLANG_WARN_INT_CONVERSION = YES;
				CLANG_WARN_OBJC_ROOT_CLASS = YES_ERROR;
				CLANG_WARN__DUPLICATE_METHOD_MATCH = YES;
				"CODE_SIGN_IDENTITY[sdk=iphoneos*]" = "iPhone Developer";
				COPY_PHASE_STRIP = YES;
				ENABLE_NS_ASSERTIONS = NO;
				GCC_C_LANGUAGE_STANDARD = gnu99;
				GCC_WARN_64_TO_32_BIT_CONVERSION = YES;
				GCC_WARN_ABOUT_RETURN_TYPE = YES_ERROR;
				GCC_WARN_UNDECLARED_SELECTOR = YES;
				GCC_WARN_UNINITIALIZED_AUTOS = YES;
				GCC_WARN_UNUSED_FUNCTION = YES;
				GCC_WARN_UNUSED_VARIABLE = YES;
				HEADER_SEARCH_PATHS = (
					"$(inherited)",
					/Applications/Xcode.app/Contents/Developer/Toolchains/XcodeDefault.xctoolchain/usr/include,
					"$(PROJECT_DIR)/liquidfun/liquidfun/Box2D",
				);
				IPHONEOS_DEPLOYMENT_TARGET = 7.0;
				SDKROOT = iphoneos;
				TARGETED_DEVICE_FAMILY = "1,2";
				VALIDATE_PRODUCT = YES;
			};
			name = Release;
		};
		8D964B3F188B7B1E004DFAC5 /* Debug */ = {
			isa = XCBuildConfiguration;
			buildSettings = {
				ASSETCATALOG_COMPILER_APPICON_NAME = AppIcon;
				ASSETCATALOG_COMPILER_LAUNCHIMAGE_NAME = LaunchImage;
				GCC_PRECOMPILE_PREFIX_HEADER = YES;
				GCC_PREFIX_HEADER = "LiquidFunSample/LiquidFunSample-Prefix.pch";
				INFOPLIST_FILE = "LiquidFunSample/LiquidFunSample-Info.plist";
				PRODUCT_NAME = "$(TARGET_NAME)";
				SPRITEKIT_TEXTURE_ATLAS_OUTPUT = YES;
				WRAPPER_EXTENSION = app;
			};
			name = Debug;
		};
		8D964B40188B7B1E004DFAC5 /* Release */ = {
			isa = XCBuildConfiguration;
			buildSettings = {
				ASSETCATALOG_COMPILER_APPICON_NAME = AppIcon;
				ASSETCATALOG_COMPILER_LAUNCHIMAGE_NAME = LaunchImage;
				GCC_PRECOMPILE_PREFIX_HEADER = YES;
				GCC_PREFIX_HEADER = "LiquidFunSample/LiquidFunSample-Prefix.pch";
				INFOPLIST_FILE = "LiquidFunSample/LiquidFunSample-Info.plist";
				PRODUCT_NAME = "$(TARGET_NAME)";
				SPRITEKIT_TEXTURE_ATLAS_OUTPUT = YES;
				WRAPPER_EXTENSION = app;
			};
			name = Release;
		};
		8D964B42188B7B1E004DFAC5 /* Debug */ = {
			isa = XCBuildConfiguration;
			buildSettings = {
				ARCHS = "$(ARCHS_STANDARD_INCLUDING_64_BIT)";
				BUNDLE_LOADER = "$(BUILT_PRODUCTS_DIR)/LiquidFunSample.app/LiquidFunSample";
				FRAMEWORK_SEARCH_PATHS = (
					"$(SDKROOT)/Developer/Library/Frameworks",
					"$(inherited)",
					"$(DEVELOPER_FRAMEWORKS_DIR)",
				);
				GCC_PRECOMPILE_PREFIX_HEADER = YES;
				GCC_PREFIX_HEADER = "LiquidFunSample/LiquidFunSample-Prefix.pch";
				GCC_PREPROCESSOR_DEFINITIONS = (
					"DEBUG=1",
					"$(inherited)",
				);
				INFOPLIST_FILE = "LiquidFunSampleTests/LiquidFunSampleTests-Info.plist";
				PRODUCT_NAME = "$(TARGET_NAME)";
				TEST_HOST = "$(BUNDLE_LOADER)";
				WRAPPER_EXTENSION = xctest;
			};
			name = Debug;
		};
		8D964B43188B7B1E004DFAC5 /* Release */ = {
			isa = XCBuildConfiguration;
			buildSettings = {
				ARCHS = "$(ARCHS_STANDARD_INCLUDING_64_BIT)";
				BUNDLE_LOADER = "$(BUILT_PRODUCTS_DIR)/LiquidFunSample.app/LiquidFunSample";
				FRAMEWORK_SEARCH_PATHS = (
					"$(SDKROOT)/Developer/Library/Frameworks",
					"$(inherited)",
					"$(DEVELOPER_FRAMEWORKS_DIR)",
				);
				GCC_PRECOMPILE_PREFIX_HEADER = YES;
				GCC_PREFIX_HEADER = "LiquidFunSample/LiquidFunSample-Prefix.pch";
				INFOPLIST_FILE = "LiquidFunSampleTests/LiquidFunSampleTests-Info.plist";
				PRODUCT_NAME = "$(TARGET_NAME)";
				TEST_HOST = "$(BUNDLE_LOADER)";
				WRAPPER_EXTENSION = xctest;
			};
			name = Release;
		};
/* End XCBuildConfiguration section */

/* Begin XCConfigurationList section */
		8D964AFD188B7B1E004DFAC5 /* Build configuration list for PBXProject "LiquidFunSample" */ = {
			isa = XCConfigurationList;
			buildConfigurations = (
				8D964B3C188B7B1E004DFAC5 /* Debug */,
				8D964B3D188B7B1E004DFAC5 /* Release */,
			);
			defaultConfigurationIsVisible = 0;
			defaultConfigurationName = Release;
		};
		8D964B3E188B7B1E004DFAC5 /* Build configuration list for PBXNativeTarget "LiquidFunSample" */ = {
			isa = XCConfigurationList;
			buildConfigurations = (
				8D964B3F188B7B1E004DFAC5 /* Debug */,
				8D964B40188B7B1E004DFAC5 /* Release */,
			);
			defaultConfigurationIsVisible = 0;
			defaultConfigurationName = Release;
		};
		8D964B41188B7B1E004DFAC5 /* Build configuration list for PBXNativeTarget "LiquidFunSampleTests" */ = {
			isa = XCConfigurationList;
			buildConfigurations = (
				8D964B42188B7B1E004DFAC5 /* Debug */,
				8D964B43188B7B1E004DFAC5 /* Release */,
			);
			defaultConfigurationIsVisible = 0;
			defaultConfigurationName = Release;
		};
/* End XCConfigurationList section */
	};
	rootObject = 8D964AFA188B7B1E004DFAC5 /* Project object */;
}
